// !$*UTF8*$!
{
	archiveVersion = 1;
	classes = {
	};
	objectVersion = 50;
	objects = {

/* Begin PBXBuildFile section */
		C323CBBB24430437000626C5 /* AppDelegate.swift in Sources */ = {isa = PBXBuildFile; fileRef = C323CBBA24430437000626C5 /* AppDelegate.swift */; };
		C323CBBD24430437000626C5 /* SceneDelegate.swift in Sources */ = {isa = PBXBuildFile; fileRef = C323CBBC24430437000626C5 /* SceneDelegate.swift */; };
		C323CBC024430437000626C5 /* MoBlog.xcdatamodeld in Sources */ = {isa = PBXBuildFile; fileRef = C323CBBE24430437000626C5 /* MoBlog.xcdatamodeld */; };
		C323CBC224430437000626C5 /* ContentView.swift in Sources */ = {isa = PBXBuildFile; fileRef = C323CBC124430437000626C5 /* ContentView.swift */; };
		C323CBC42443043A000626C5 /* Assets.xcassets in Resources */ = {isa = PBXBuildFile; fileRef = C323CBC32443043A000626C5 /* Assets.xcassets */; };
		C323CBC72443043A000626C5 /* Preview Assets.xcassets in Resources */ = {isa = PBXBuildFile; fileRef = C323CBC62443043A000626C5 /* Preview Assets.xcassets */; };
		C323CBCA2443043A000626C5 /* LaunchScreen.storyboard in Resources */ = {isa = PBXBuildFile; fileRef = C323CBC82443043A000626C5 /* LaunchScreen.storyboard */; };
		C323CBD52443043A000626C5 /* MoBlogTests.swift in Sources */ = {isa = PBXBuildFile; fileRef = C323CBD42443043A000626C5 /* MoBlogTests.swift */; };
		C323CBE02443043A000626C5 /* MoBlogUITests.swift in Sources */ = {isa = PBXBuildFile; fileRef = C323CBDF2443043A000626C5 /* MoBlogUITests.swift */; };
		C3A71238244A6B24005BA03F /* SettingsView.swift in Sources */ = {isa = PBXBuildFile; fileRef = C3A71237244A6B24005BA03F /* SettingsView.swift */; };
		C3A71239244A6B24005BA03F /* SettingsView.swift in Sources */ = {isa = PBXBuildFile; fileRef = C3A71237244A6B24005BA03F /* SettingsView.swift */; };
		C3A7123A244A6B24005BA03F /* SettingsView.swift in Sources */ = {isa = PBXBuildFile; fileRef = C3A71237244A6B24005BA03F /* SettingsView.swift */; };
		C3A7123C244A6DC5005BA03F /* Section.swift in Sources */ = {isa = PBXBuildFile; fileRef = C3A7123B244A6DC5005BA03F /* Section.swift */; };
		C3A7123D244A6DC5005BA03F /* Section.swift in Sources */ = {isa = PBXBuildFile; fileRef = C3A7123B244A6DC5005BA03F /* Section.swift */; };
		C3A7123E244A6DC5005BA03F /* Section.swift in Sources */ = {isa = PBXBuildFile; fileRef = C3A7123B244A6DC5005BA03F /* Section.swift */; };
		C3A71240244B1665005BA03F /* HomePost.swift in Sources */ = {isa = PBXBuildFile; fileRef = C3A7123F244B1665005BA03F /* HomePost.swift */; };
		C3A71241244B1665005BA03F /* HomePost.swift in Sources */ = {isa = PBXBuildFile; fileRef = C3A7123F244B1665005BA03F /* HomePost.swift */; };
		C3A71242244B1665005BA03F /* HomePost.swift in Sources */ = {isa = PBXBuildFile; fileRef = C3A7123F244B1665005BA03F /* HomePost.swift */; };
		C3AD4B4B2448D260009C4F87 /* HomeView.swift in Sources */ = {isa = PBXBuildFile; fileRef = C3AD4B4A2448D260009C4F87 /* HomeView.swift */; };
		C3AD4B4C2448D260009C4F87 /* HomeView.swift in Sources */ = {isa = PBXBuildFile; fileRef = C3AD4B4A2448D260009C4F87 /* HomeView.swift */; };
		C3AD4B4D2448D260009C4F87 /* HomeView.swift in Sources */ = {isa = PBXBuildFile; fileRef = C3AD4B4A2448D260009C4F87 /* HomeView.swift */; };
		C3AD4B502448D7ED009C4F87 /* PostData.json in Resources */ = {isa = PBXBuildFile; fileRef = C3AD4B4F2448D7ED009C4F87 /* PostData.json */; };
		C3AD4B532448D828009C4F87 /* Post.swift in Sources */ = {isa = PBXBuildFile; fileRef = C3AD4B522448D828009C4F87 /* Post.swift */; };
		C3AD4B55244A409C009C4F87 /* ExploreView.swift in Sources */ = {isa = PBXBuildFile; fileRef = C3AD4B54244A409C009C4F87 /* ExploreView.swift */; };
		C3AD4B56244A409C009C4F87 /* ExploreView.swift in Sources */ = {isa = PBXBuildFile; fileRef = C3AD4B54244A409C009C4F87 /* ExploreView.swift */; };
		C3AD4B57244A409C009C4F87 /* ExploreView.swift in Sources */ = {isa = PBXBuildFile; fileRef = C3AD4B54244A409C009C4F87 /* ExploreView.swift */; };
		C3AD4B59244A4595009C4F87 /* ExploreFeaturedPost.swift in Sources */ = {isa = PBXBuildFile; fileRef = C3AD4B58244A4595009C4F87 /* ExploreFeaturedPost.swift */; };
		C3AD4B5A244A4595009C4F87 /* ExploreFeaturedPost.swift in Sources */ = {isa = PBXBuildFile; fileRef = C3AD4B58244A4595009C4F87 /* ExploreFeaturedPost.swift */; };
		C3AD4B5B244A4595009C4F87 /* ExploreFeaturedPost.swift in Sources */ = {isa = PBXBuildFile; fileRef = C3AD4B58244A4595009C4F87 /* ExploreFeaturedPost.swift */; };
/* End PBXBuildFile section */

/* Begin PBXContainerItemProxy section */
		C323CBD12443043A000626C5 /* PBXContainerItemProxy */ = {
			isa = PBXContainerItemProxy;
			containerPortal = C323CBAF24430437000626C5 /* Project object */;
			proxyType = 1;
			remoteGlobalIDString = C323CBB624430437000626C5;
			remoteInfo = MoBlog;
		};
		C323CBDC2443043A000626C5 /* PBXContainerItemProxy */ = {
			isa = PBXContainerItemProxy;
			containerPortal = C323CBAF24430437000626C5 /* Project object */;
			proxyType = 1;
			remoteGlobalIDString = C323CBB624430437000626C5;
			remoteInfo = MoBlog;
		};
/* End PBXContainerItemProxy section */

/* Begin PBXFileReference section */
		C323CBB724430437000626C5 /* MoBlog.app */ = {isa = PBXFileReference; explicitFileType = wrapper.application; includeInIndex = 0; path = MoBlog.app; sourceTree = BUILT_PRODUCTS_DIR; };
		C323CBBA24430437000626C5 /* AppDelegate.swift */ = {isa = PBXFileReference; lastKnownFileType = sourcecode.swift; path = AppDelegate.swift; sourceTree = "<group>"; };
		C323CBBC24430437000626C5 /* SceneDelegate.swift */ = {isa = PBXFileReference; lastKnownFileType = sourcecode.swift; path = SceneDelegate.swift; sourceTree = "<group>"; };
		C323CBBF24430437000626C5 /* MoBlog.xcdatamodel */ = {isa = PBXFileReference; lastKnownFileType = wrapper.xcdatamodel; path = MoBlog.xcdatamodel; sourceTree = "<group>"; };
		C323CBC124430437000626C5 /* ContentView.swift */ = {isa = PBXFileReference; lastKnownFileType = sourcecode.swift; path = ContentView.swift; sourceTree = "<group>"; };
		C323CBC32443043A000626C5 /* Assets.xcassets */ = {isa = PBXFileReference; lastKnownFileType = folder.assetcatalog; path = Assets.xcassets; sourceTree = "<group>"; };
		C323CBC62443043A000626C5 /* Preview Assets.xcassets */ = {isa = PBXFileReference; lastKnownFileType = folder.assetcatalog; path = "Preview Assets.xcassets"; sourceTree = "<group>"; };
		C323CBC92443043A000626C5 /* Base */ = {isa = PBXFileReference; lastKnownFileType = file.storyboard; name = Base; path = Base.lproj/LaunchScreen.storyboard; sourceTree = "<group>"; };
		C323CBCB2443043A000626C5 /* Info.plist */ = {isa = PBXFileReference; lastKnownFileType = text.plist.xml; path = Info.plist; sourceTree = "<group>"; };
		C323CBD02443043A000626C5 /* MoBlogTests.xctest */ = {isa = PBXFileReference; explicitFileType = wrapper.cfbundle; includeInIndex = 0; path = MoBlogTests.xctest; sourceTree = BUILT_PRODUCTS_DIR; };
		C323CBD42443043A000626C5 /* MoBlogTests.swift */ = {isa = PBXFileReference; lastKnownFileType = sourcecode.swift; path = MoBlogTests.swift; sourceTree = "<group>"; };
		C323CBD62443043A000626C5 /* Info.plist */ = {isa = PBXFileReference; lastKnownFileType = text.plist.xml; path = Info.plist; sourceTree = "<group>"; };
		C323CBDB2443043A000626C5 /* MoBlogUITests.xctest */ = {isa = PBXFileReference; explicitFileType = wrapper.cfbundle; includeInIndex = 0; path = MoBlogUITests.xctest; sourceTree = BUILT_PRODUCTS_DIR; };
		C323CBDF2443043A000626C5 /* MoBlogUITests.swift */ = {isa = PBXFileReference; lastKnownFileType = sourcecode.swift; path = MoBlogUITests.swift; sourceTree = "<group>"; };
		C323CBE12443043A000626C5 /* Info.plist */ = {isa = PBXFileReference; lastKnownFileType = text.plist.xml; path = Info.plist; sourceTree = "<group>"; };
		C3A71237244A6B24005BA03F /* SettingsView.swift */ = {isa = PBXFileReference; lastKnownFileType = sourcecode.swift; path = SettingsView.swift; sourceTree = "<group>"; };
		C3A7123B244A6DC5005BA03F /* Section.swift */ = {isa = PBXFileReference; lastKnownFileType = sourcecode.swift; path = Section.swift; sourceTree = "<group>"; };
		C3A7123F244B1665005BA03F /* HomePost.swift */ = {isa = PBXFileReference; lastKnownFileType = sourcecode.swift; path = HomePost.swift; sourceTree = "<group>"; };
		C3AD4B4A2448D260009C4F87 /* HomeView.swift */ = {isa = PBXFileReference; lastKnownFileType = sourcecode.swift; path = HomeView.swift; sourceTree = "<group>"; };
		C3AD4B4F2448D7ED009C4F87 /* PostData.json */ = {isa = PBXFileReference; lastKnownFileType = text.json; path = PostData.json; sourceTree = "<group>"; };
		C3AD4B522448D828009C4F87 /* Post.swift */ = {isa = PBXFileReference; lastKnownFileType = sourcecode.swift; path = Post.swift; sourceTree = "<group>"; };
		C3AD4B54244A409C009C4F87 /* ExploreView.swift */ = {isa = PBXFileReference; lastKnownFileType = sourcecode.swift; path = ExploreView.swift; sourceTree = "<group>"; };
		C3AD4B58244A4595009C4F87 /* ExploreFeaturedPost.swift */ = {isa = PBXFileReference; lastKnownFileType = sourcecode.swift; path = ExploreFeaturedPost.swift; sourceTree = "<group>"; };
/* End PBXFileReference section */

/* Begin PBXFrameworksBuildPhase section */
		C323CBB424430437000626C5 /* Frameworks */ = {
			isa = PBXFrameworksBuildPhase;
			buildActionMask = 2147483647;
			files = (
			);
			runOnlyForDeploymentPostprocessing = 0;
		};
		C323CBCD2443043A000626C5 /* Frameworks */ = {
			isa = PBXFrameworksBuildPhase;
			buildActionMask = 2147483647;
			files = (
			);
			runOnlyForDeploymentPostprocessing = 0;
		};
		C323CBD82443043A000626C5 /* Frameworks */ = {
			isa = PBXFrameworksBuildPhase;
			buildActionMask = 2147483647;
			files = (
			);
			runOnlyForDeploymentPostprocessing = 0;
		};
/* End PBXFrameworksBuildPhase section */

/* Begin PBXGroup section */
		C323CBAE24430437000626C5 = {
			isa = PBXGroup;
			children = (
				C323CBB924430437000626C5 /* MoBlog */,
				C323CBD32443043A000626C5 /* MoBlogTests */,
				C323CBDE2443043A000626C5 /* MoBlogUITests */,
				C323CBB824430437000626C5 /* Products */,
			);
			sourceTree = "<group>";
		};
		C323CBB824430437000626C5 /* Products */ = {
			isa = PBXGroup;
			children = (
				C323CBB724430437000626C5 /* MoBlog.app */,
				C323CBD02443043A000626C5 /* MoBlogTests.xctest */,
				C323CBDB2443043A000626C5 /* MoBlogUITests.xctest */,
			);
			name = Products;
			sourceTree = "<group>";
		};
		C323CBB924430437000626C5 /* MoBlog */ = {
			isa = PBXGroup;
			children = (
				C3AD4B512448D808009C4F87 /* Models */,
				C3AD4B492448CFCA009C4F87 /* Components */,
				C3AD4B482448CFBB009C4F87 /* Views */,
				C323CBBA24430437000626C5 /* AppDelegate.swift */,
				C323CBBC24430437000626C5 /* SceneDelegate.swift */,
				C323CBC124430437000626C5 /* ContentView.swift */,
				C323CBC32443043A000626C5 /* Assets.xcassets */,
				C323CBC82443043A000626C5 /* LaunchScreen.storyboard */,
				C323CBCB2443043A000626C5 /* Info.plist */,
				C323CBBE24430437000626C5 /* MoBlog.xcdatamodeld */,
				C3AD4B4E2448D772009C4F87 /* Resources */,
				C323CBC52443043A000626C5 /* Preview Content */,
			);
			path = MoBlog;
			sourceTree = "<group>";
		};
		C323CBC52443043A000626C5 /* Preview Content */ = {
			isa = PBXGroup;
			children = (
				C323CBC62443043A000626C5 /* Preview Assets.xcassets */,
			);
			path = "Preview Content";
			sourceTree = "<group>";
		};
		C323CBD32443043A000626C5 /* MoBlogTests */ = {
			isa = PBXGroup;
			children = (
				C323CBD42443043A000626C5 /* MoBlogTests.swift */,
				C323CBD62443043A000626C5 /* Info.plist */,
			);
			path = MoBlogTests;
			sourceTree = "<group>";
		};
		C323CBDE2443043A000626C5 /* MoBlogUITests */ = {
			isa = PBXGroup;
			children = (
				C323CBDF2443043A000626C5 /* MoBlogUITests.swift */,
				C323CBE12443043A000626C5 /* Info.plist */,
			);
			path = MoBlogUITests;
			sourceTree = "<group>";
		};
		C3AD4B482448CFBB009C4F87 /* Views */ = {
			isa = PBXGroup;
			children = (
				C3AD4B4A2448D260009C4F87 /* HomeView.swift */,
				C3AD4B54244A409C009C4F87 /* ExploreView.swift */,
				C3A71237244A6B24005BA03F /* SettingsView.swift */,
			);
			path = Views;
			sourceTree = "<group>";
		};
		C3AD4B492448CFCA009C4F87 /* Components */ = {
			isa = PBXGroup;
			children = (
				C3AD4B58244A4595009C4F87 /* ExploreFeaturedPost.swift */,
				C3A7123B244A6DC5005BA03F /* Section.swift */,
				C3A7123F244B1665005BA03F /* HomePost.swift */,
			);
			path = Components;
			sourceTree = "<group>";
		};
		C3AD4B4E2448D772009C4F87 /* Resources */ = {
			isa = PBXGroup;
			children = (
				C3AD4B4F2448D7ED009C4F87 /* PostData.json */,
			);
			path = Resources;
			sourceTree = "<group>";
		};
		C3AD4B512448D808009C4F87 /* Models */ = {
			isa = PBXGroup;
			children = (
				C3AD4B522448D828009C4F87 /* Post.swift */,
			);
			path = Models;
			sourceTree = "<group>";
		};
/* End PBXGroup section */

/* Begin PBXNativeTarget section */
		C323CBB624430437000626C5 /* MoBlog */ = {
			isa = PBXNativeTarget;
			buildConfigurationList = C323CBE42443043A000626C5 /* Build configuration list for PBXNativeTarget "MoBlog" */;
			buildPhases = (
				C323CBB324430437000626C5 /* Sources */,
				C323CBB424430437000626C5 /* Frameworks */,
				C323CBB524430437000626C5 /* Resources */,
			);
			buildRules = (
			);
			dependencies = (
			);
			name = MoBlog;
			productName = MoBlog;
			productReference = C323CBB724430437000626C5 /* MoBlog.app */;
			productType = "com.apple.product-type.application";
		};
		C323CBCF2443043A000626C5 /* MoBlogTests */ = {
			isa = PBXNativeTarget;
			buildConfigurationList = C323CBE72443043A000626C5 /* Build configuration list for PBXNativeTarget "MoBlogTests" */;
			buildPhases = (
				C323CBCC2443043A000626C5 /* Sources */,
				C323CBCD2443043A000626C5 /* Frameworks */,
				C323CBCE2443043A000626C5 /* Resources */,
			);
			buildRules = (
			);
			dependencies = (
				C323CBD22443043A000626C5 /* PBXTargetDependency */,
			);
			name = MoBlogTests;
			productName = MoBlogTests;
			productReference = C323CBD02443043A000626C5 /* MoBlogTests.xctest */;
			productType = "com.apple.product-type.bundle.unit-test";
		};
		C323CBDA2443043A000626C5 /* MoBlogUITests */ = {
			isa = PBXNativeTarget;
			buildConfigurationList = C323CBEA2443043A000626C5 /* Build configuration list for PBXNativeTarget "MoBlogUITests" */;
			buildPhases = (
				C323CBD72443043A000626C5 /* Sources */,
				C323CBD82443043A000626C5 /* Frameworks */,
				C323CBD92443043A000626C5 /* Resources */,
			);
			buildRules = (
			);
			dependencies = (
				C323CBDD2443043A000626C5 /* PBXTargetDependency */,
			);
			name = MoBlogUITests;
			productName = MoBlogUITests;
			productReference = C323CBDB2443043A000626C5 /* MoBlogUITests.xctest */;
			productType = "com.apple.product-type.bundle.ui-testing";
		};
/* End PBXNativeTarget section */

/* Begin PBXProject section */
		C323CBAF24430437000626C5 /* Project object */ = {
			isa = PBXProject;
			attributes = {
				LastSwiftUpdateCheck = 1140;
				LastUpgradeCheck = 1140;
				ORGANIZATIONNAME = "Filip Palmqvist";
				TargetAttributes = {
					C323CBB624430437000626C5 = {
						CreatedOnToolsVersion = 11.4;
					};
					C323CBCF2443043A000626C5 = {
						CreatedOnToolsVersion = 11.4;
						TestTargetID = C323CBB624430437000626C5;
					};
					C323CBDA2443043A000626C5 = {
						CreatedOnToolsVersion = 11.4;
						TestTargetID = C323CBB624430437000626C5;
					};
				};
			};
			buildConfigurationList = C323CBB224430437000626C5 /* Build configuration list for PBXProject "MoBlog" */;
			compatibilityVersion = "Xcode 9.3";
			developmentRegion = en;
			hasScannedForEncodings = 0;
			knownRegions = (
				en,
				Base,
			);
			mainGroup = C323CBAE24430437000626C5;
			productRefGroup = C323CBB824430437000626C5 /* Products */;
			projectDirPath = "";
			projectRoot = "";
			targets = (
				C323CBB624430437000626C5 /* MoBlog */,
				C323CBCF2443043A000626C5 /* MoBlogTests */,
				C323CBDA2443043A000626C5 /* MoBlogUITests */,
			);
		};
/* End PBXProject section */

/* Begin PBXResourcesBuildPhase section */
		C323CBB524430437000626C5 /* Resources */ = {
			isa = PBXResourcesBuildPhase;
			buildActionMask = 2147483647;
			files = (
				C323CBCA2443043A000626C5 /* LaunchScreen.storyboard in Resources */,
				C3AD4B502448D7ED009C4F87 /* PostData.json in Resources */,
				C323CBC72443043A000626C5 /* Preview Assets.xcassets in Resources */,
				C323CBC42443043A000626C5 /* Assets.xcassets in Resources */,
			);
			runOnlyForDeploymentPostprocessing = 0;
		};
		C323CBCE2443043A000626C5 /* Resources */ = {
			isa = PBXResourcesBuildPhase;
			buildActionMask = 2147483647;
			files = (
			);
			runOnlyForDeploymentPostprocessing = 0;
		};
		C323CBD92443043A000626C5 /* Resources */ = {
			isa = PBXResourcesBuildPhase;
			buildActionMask = 2147483647;
			files = (
			);
			runOnlyForDeploymentPostprocessing = 0;
		};
/* End PBXResourcesBuildPhase section */

/* Begin PBXSourcesBuildPhase section */
		C323CBB324430437000626C5 /* Sources */ = {
			isa = PBXSourcesBuildPhase;
			buildActionMask = 2147483647;
			files = (
				C3AD4B55244A409C009C4F87 /* ExploreView.swift in Sources */,
				C3AD4B59244A4595009C4F87 /* ExploreFeaturedPost.swift in Sources */,
				C323CBBB24430437000626C5 /* AppDelegate.swift in Sources */,
				C3A71238244A6B24005BA03F /* SettingsView.swift in Sources */,
				C3A71240244B1665005BA03F /* HomePost.swift in Sources */,
				C323CBC024430437000626C5 /* MoBlog.xcdatamodeld in Sources */,
				C3A7123C244A6DC5005BA03F /* Section.swift in Sources */,
				C323CBC224430437000626C5 /* ContentView.swift in Sources */,
				C3AD4B532448D828009C4F87 /* Post.swift in Sources */,
				C3AD4B4B2448D260009C4F87 /* HomeView.swift in Sources */,
				C323CBBD24430437000626C5 /* SceneDelegate.swift in Sources */,
			);
			runOnlyForDeploymentPostprocessing = 0;
		};
		C323CBCC2443043A000626C5 /* Sources */ = {
			isa = PBXSourcesBuildPhase;
			buildActionMask = 2147483647;
			files = (
				C3A71239244A6B24005BA03F /* SettingsView.swift in Sources */,
				C323CBD52443043A000626C5 /* MoBlogTests.swift in Sources */,
				C3AD4B5A244A4595009C4F87 /* ExploreFeaturedPost.swift in Sources */,
				C3A71241244B1665005BA03F /* HomePost.swift in Sources */,
				C3A7123D244A6DC5005BA03F /* Section.swift in Sources */,
				C3AD4B56244A409C009C4F87 /* ExploreView.swift in Sources */,
				C3AD4B4C2448D260009C4F87 /* HomeView.swift in Sources */,
			);
			runOnlyForDeploymentPostprocessing = 0;
		};
		C323CBD72443043A000626C5 /* Sources */ = {
			isa = PBXSourcesBuildPhase;
			buildActionMask = 2147483647;
			files = (
				C3A7123A244A6B24005BA03F /* SettingsView.swift in Sources */,
				C323CBE02443043A000626C5 /* MoBlogUITests.swift in Sources */,
				C3AD4B5B244A4595009C4F87 /* ExploreFeaturedPost.swift in Sources */,
				C3A71242244B1665005BA03F /* HomePost.swift in Sources */,
				C3A7123E244A6DC5005BA03F /* Section.swift in Sources */,
				C3AD4B57244A409C009C4F87 /* ExploreView.swift in Sources */,
				C3AD4B4D2448D260009C4F87 /* HomeView.swift in Sources */,
			);
			runOnlyForDeploymentPostprocessing = 0;
		};
/* End PBXSourcesBuildPhase section */

/* Begin PBXTargetDependency section */
		C323CBD22443043A000626C5 /* PBXTargetDependency */ = {
			isa = PBXTargetDependency;
			target = C323CBB624430437000626C5 /* MoBlog */;
			targetProxy = C323CBD12443043A000626C5 /* PBXContainerItemProxy */;
		};
		C323CBDD2443043A000626C5 /* PBXTargetDependency */ = {
			isa = PBXTargetDependency;
			target = C323CBB624430437000626C5 /* MoBlog */;
			targetProxy = C323CBDC2443043A000626C5 /* PBXContainerItemProxy */;
		};
/* End PBXTargetDependency section */

/* Begin PBXVariantGroup section */
		C323CBC82443043A000626C5 /* LaunchScreen.storyboard */ = {
			isa = PBXVariantGroup;
			children = (
				C323CBC92443043A000626C5 /* Base */,
			);
			name = LaunchScreen.storyboard;
			sourceTree = "<group>";
		};
/* End PBXVariantGroup section */

/* Begin XCBuildConfiguration section */
		C323CBE22443043A000626C5 /* Debug */ = {
			isa = XCBuildConfiguration;
			buildSettings = {
				ALWAYS_SEARCH_USER_PATHS = NO;
				CLANG_ANALYZER_NONNULL = YES;
				CLANG_ANALYZER_NUMBER_OBJECT_CONVERSION = YES_AGGRESSIVE;
				CLANG_CXX_LANGUAGE_STANDARD = "gnu++14";
				CLANG_CXX_LIBRARY = "libc++";
				CLANG_ENABLE_MODULES = YES;
				CLANG_ENABLE_OBJC_ARC = YES;
				CLANG_ENABLE_OBJC_WEAK = YES;
				CLANG_WARN_BLOCK_CAPTURE_AUTORELEASING = YES;
				CLANG_WARN_BOOL_CONVERSION = YES;
				CLANG_WARN_COMMA = YES;
				CLANG_WARN_CONSTANT_CONVERSION = YES;
				CLANG_WARN_DEPRECATED_OBJC_IMPLEMENTATIONS = YES;
				CLANG_WARN_DIRECT_OBJC_ISA_USAGE = YES_ERROR;
				CLANG_WARN_DOCUMENTATION_COMMENTS = YES;
				CLANG_WARN_EMPTY_BODY = YES;
				CLANG_WARN_ENUM_CONVERSION = YES;
				CLANG_WARN_INFINITE_RECURSION = YES;
				CLANG_WARN_INT_CONVERSION = YES;
				CLANG_WARN_NON_LITERAL_NULL_CONVERSION = YES;
				CLANG_WARN_OBJC_IMPLICIT_RETAIN_SELF = YES;
				CLANG_WARN_OBJC_LITERAL_CONVERSION = YES;
				CLANG_WARN_OBJC_ROOT_CLASS = YES_ERROR;
				CLANG_WARN_RANGE_LOOP_ANALYSIS = YES;
				CLANG_WARN_STRICT_PROTOTYPES = YES;
				CLANG_WARN_SUSPICIOUS_MOVE = YES;
				CLANG_WARN_UNGUARDED_AVAILABILITY = YES_AGGRESSIVE;
				CLANG_WARN_UNREACHABLE_CODE = YES;
				CLANG_WARN__DUPLICATE_METHOD_MATCH = YES;
				COPY_PHASE_STRIP = NO;
				DEBUG_INFORMATION_FORMAT = dwarf;
				ENABLE_STRICT_OBJC_MSGSEND = YES;
				ENABLE_TESTABILITY = YES;
				GCC_C_LANGUAGE_STANDARD = gnu11;
				GCC_DYNAMIC_NO_PIC = NO;
				GCC_NO_COMMON_BLOCKS = YES;
				GCC_OPTIMIZATION_LEVEL = 0;
				GCC_PREPROCESSOR_DEFINITIONS = (
					"DEBUG=1",
					"$(inherited)",
				);
				GCC_WARN_64_TO_32_BIT_CONVERSION = YES;
				GCC_WARN_ABOUT_RETURN_TYPE = YES_ERROR;
				GCC_WARN_UNDECLARED_SELECTOR = YES;
				GCC_WARN_UNINITIALIZED_AUTOS = YES_AGGRESSIVE;
				GCC_WARN_UNUSED_FUNCTION = YES;
				GCC_WARN_UNUSED_VARIABLE = YES;
				IPHONEOS_DEPLOYMENT_TARGET = 13.4;
				MTL_ENABLE_DEBUG_INFO = INCLUDE_SOURCE;
				MTL_FAST_MATH = YES;
				ONLY_ACTIVE_ARCH = YES;
				SDKROOT = iphoneos;
				SWIFT_ACTIVE_COMPILATION_CONDITIONS = DEBUG;
				SWIFT_OPTIMIZATION_LEVEL = "-Onone";
			};
			name = Debug;
		};
		C323CBE32443043A000626C5 /* Release */ = {
			isa = XCBuildConfiguration;
			buildSettings = {
				ALWAYS_SEARCH_USER_PATHS = NO;
				CLANG_ANALYZER_NONNULL = YES;
				CLANG_ANALYZER_NUMBER_OBJECT_CONVERSION = YES_AGGRESSIVE;
				CLANG_CXX_LANGUAGE_STANDARD = "gnu++14";
				CLANG_CXX_LIBRARY = "libc++";
				CLANG_ENABLE_MODULES = YES;
				CLANG_ENABLE_OBJC_ARC = YES;
				CLANG_ENABLE_OBJC_WEAK = YES;
				CLANG_WARN_BLOCK_CAPTURE_AUTORELEASING = YES;
				CLANG_WARN_BOOL_CONVERSION = YES;
				CLANG_WARN_COMMA = YES;
				CLANG_WARN_CONSTANT_CONVERSION = YES;
				CLANG_WARN_DEPRECATED_OBJC_IMPLEMENTATIONS = YES;
				CLANG_WARN_DIRECT_OBJC_ISA_USAGE = YES_ERROR;
				CLANG_WARN_DOCUMENTATION_COMMENTS = YES;
				CLANG_WARN_EMPTY_BODY = YES;
				CLANG_WARN_ENUM_CONVERSION = YES;
				CLANG_WARN_INFINITE_RECURSION = YES;
				CLANG_WARN_INT_CONVERSION = YES;
				CLANG_WARN_NON_LITERAL_NULL_CONVERSION = YES;
				CLANG_WARN_OBJC_IMPLICIT_RETAIN_SELF = YES;
				CLANG_WARN_OBJC_LITERAL_CONVERSION = YES;
				CLANG_WARN_OBJC_ROOT_CLASS = YES_ERROR;
				CLANG_WARN_RANGE_LOOP_ANALYSIS = YES;
				CLANG_WARN_STRICT_PROTOTYPES = YES;
				CLANG_WARN_SUSPICIOUS_MOVE = YES;
				CLANG_WARN_UNGUARDED_AVAILABILITY = YES_AGGRESSIVE;
				CLANG_WARN_UNREACHABLE_CODE = YES;
				CLANG_WARN__DUPLICATE_METHOD_MATCH = YES;
				COPY_PHASE_STRIP = NO;
				DEBUG_INFORMATION_FORMAT = "dwarf-with-dsym";
				ENABLE_NS_ASSERTIONS = NO;
				ENABLE_STRICT_OBJC_MSGSEND = YES;
				GCC_C_LANGUAGE_STANDARD = gnu11;
				GCC_NO_COMMON_BLOCKS = YES;
				GCC_WARN_64_TO_32_BIT_CONVERSION = YES;
				GCC_WARN_ABOUT_RETURN_TYPE = YES_ERROR;
				GCC_WARN_UNDECLARED_SELECTOR = YES;
				GCC_WARN_UNINITIALIZED_AUTOS = YES_AGGRESSIVE;
				GCC_WARN_UNUSED_FUNCTION = YES;
				GCC_WARN_UNUSED_VARIABLE = YES;
				IPHONEOS_DEPLOYMENT_TARGET = 13.4;
				MTL_ENABLE_DEBUG_INFO = NO;
				MTL_FAST_MATH = YES;
				SDKROOT = iphoneos;
				SWIFT_COMPILATION_MODE = wholemodule;
				SWIFT_OPTIMIZATION_LEVEL = "-O";
				VALIDATE_PRODUCT = YES;
			};
			name = Release;
		};
		C323CBE52443043A000626C5 /* Debug */ = {
			isa = XCBuildConfiguration;
			buildSettings = {
				ASSETCATALOG_COMPILER_APPICON_NAME = AppIcon;
				CODE_SIGN_STYLE = Automatic;
				DEVELOPMENT_ASSET_PATHS = "\"MoBlog/Preview Content\"";
				DEVELOPMENT_TEAM = 6385942QWA;
				ENABLE_PREVIEWS = YES;
				INFOPLIST_FILE = MoBlog/Info.plist;
				LD_RUNPATH_SEARCH_PATHS = (
					"$(inherited)",
					"@executable_path/Frameworks",
				);
				PRODUCT_BUNDLE_IDENTIFIER = com.fpalmqvist.MoBlog;
				PRODUCT_NAME = "$(TARGET_NAME)";
				SWIFT_VERSION = 5.0;
				TARGETED_DEVICE_FAMILY = "1,2";
			};
			name = Debug;
		};
		C323CBE62443043A000626C5 /* Release */ = {
			isa = XCBuildConfiguration;
			buildSettings = {
				ASSETCATALOG_COMPILER_APPICON_NAME = AppIcon;
				CODE_SIGN_STYLE = Automatic;
				DEVELOPMENT_ASSET_PATHS = "\"MoBlog/Preview Content\"";
				DEVELOPMENT_TEAM = 6385942QWA;
				ENABLE_PREVIEWS = YES;
				INFOPLIST_FILE = MoBlog/Info.plist;
				LD_RUNPATH_SEARCH_PATHS = (
					"$(inherited)",
					"@executable_path/Frameworks",
				);
				PRODUCT_BUNDLE_IDENTIFIER = com.fpalmqvist.MoBlog;
				PRODUCT_NAME = "$(TARGET_NAME)";
				SWIFT_VERSION = 5.0;
				TARGETED_DEVICE_FAMILY = "1,2";
			};
			name = Release;
		};
		C323CBE82443043A000626C5 /* Debug */ = {
			isa = XCBuildConfiguration;
			buildSettings = {
				ALWAYS_EMBED_SWIFT_STANDARD_LIBRARIES = YES;
				BUNDLE_LOADER = "$(TEST_HOST)";
				CODE_SIGN_STYLE = Automatic;
				DEVELOPMENT_TEAM = 6385942QWA;
				INFOPLIST_FILE = MoBlogTests/Info.plist;
				IPHONEOS_DEPLOYMENT_TARGET = 13.4;
				LD_RUNPATH_SEARCH_PATHS = (
					"$(inherited)",
					"@executable_path/Frameworks",
					"@loader_path/Frameworks",
				);
				PRODUCT_BUNDLE_IDENTIFIER = com.fpalmqvist.MoBlogTests;
				PRODUCT_NAME = "$(TARGET_NAME)";
				SWIFT_VERSION = 5.0;
				TARGETED_DEVICE_FAMILY = "1,2";
				TEST_HOST = "$(BUILT_PRODUCTS_DIR)/MoBlog.app/MoBlog";
			};
			name = Debug;
		};
		C323CBE92443043A000626C5 /* Release */ = {
			isa = XCBuildConfiguration;
			buildSettings = {
				ALWAYS_EMBED_SWIFT_STANDARD_LIBRARIES = YES;
				BUNDLE_LOADER = "$(TEST_HOST)";
				CODE_SIGN_STYLE = Automatic;
				DEVELOPMENT_TEAM = 6385942QWA;
				INFOPLIST_FILE = MoBlogTests/Info.plist;
				IPHONEOS_DEPLOYMENT_TARGET = 13.4;
				LD_RUNPATH_SEARCH_PATHS = (
					"$(inherited)",
					"@executable_path/Frameworks",
					"@loader_path/Frameworks",
				);
				PRODUCT_BUNDLE_IDENTIFIER = com.fpalmqvist.MoBlogTests;
				PRODUCT_NAME = "$(TARGET_NAME)";
				SWIFT_VERSION = 5.0;
				TARGETED_DEVICE_FAMILY = "1,2";
				TEST_HOST = "$(BUILT_PRODUCTS_DIR)/MoBlog.app/MoBlog";
			};
			name = Release;
		};
		C323CBEB2443043A000626C5 /* Debug */ = {
			isa = XCBuildConfiguration;
			buildSettings = {
				ALWAYS_EMBED_SWIFT_STANDARD_LIBRARIES = YES;
				CODE_SIGN_STYLE = Automatic;
				DEVELOPMENT_TEAM = 6385942QWA;
				INFOPLIST_FILE = MoBlogUITests/Info.plist;
				LD_RUNPATH_SEARCH_PATHS = (
					"$(inherited)",
					"@executable_path/Frameworks",
					"@loader_path/Frameworks",
				);
				PRODUCT_BUNDLE_IDENTIFIER = com.fpalmqvist.MoBlogUITests;
				PRODUCT_NAME = "$(TARGET_NAME)";
				SWIFT_VERSION = 5.0;
				TARGETED_DEVICE_FAMILY = "1,2";
				TEST_TARGET_NAME = MoBlog;
			};
			name = Debug;
		};
		C323CBEC2443043A000626C5 /* Release */ = {
			isa = XCBuildConfiguration;
			buildSettings = {
				ALWAYS_EMBED_SWIFT_STANDARD_LIBRARIES = YES;
				CODE_SIGN_STYLE = Automatic;
				DEVELOPMENT_TEAM = 6385942QWA;
				INFOPLIST_FILE = MoBlogUITests/Info.plist;
				LD_RUNPATH_SEARCH_PATHS = (
					"$(inherited)",
					"@executable_path/Frameworks",
					"@loader_path/Frameworks",
				);
				PRODUCT_BUNDLE_IDENTIFIER = com.fpalmqvist.MoBlogUITests;
				PRODUCT_NAME = "$(TARGET_NAME)";
				SWIFT_VERSION = 5.0;
				TARGETED_DEVICE_FAMILY = "1,2";
				TEST_TARGET_NAME = MoBlog;
			};
			name = Release;
		};
/* End XCBuildConfiguration section */

/* Begin XCConfigurationList section */
		C323CBB224430437000626C5 /* Build configuration list for PBXProject "MoBlog" */ = {
			isa = XCConfigurationList;
			buildConfigurations = (
				C323CBE22443043A000626C5 /* Debug */,
				C323CBE32443043A000626C5 /* Release */,
			);
			defaultConfigurationIsVisible = 0;
			defaultConfigurationName = Release;
		};
		C323CBE42443043A000626C5 /* Build configuration list for PBXNativeTarget "MoBlog" */ = {
			isa = XCConfigurationList;
			buildConfigurations = (
				C323CBE52443043A000626C5 /* Debug */,
				C323CBE62443043A000626C5 /* Release */,
			);
			defaultConfigurationIsVisible = 0;
			defaultConfigurationName = Release;
		};
		C323CBE72443043A000626C5 /* Build configuration list for PBXNativeTarget "MoBlogTests" */ = {
			isa = XCConfigurationList;
			buildConfigurations = (
				C323CBE82443043A000626C5 /* Debug */,
				C323CBE92443043A000626C5 /* Release */,
			);
			defaultConfigurationIsVisible = 0;
			defaultConfigurationName = Release;
		};
		C323CBEA2443043A000626C5 /* Build configuration list for PBXNativeTarget "MoBlogUITests" */ = {
			isa = XCConfigurationList;
			buildConfigurations = (
				C323CBEB2443043A000626C5 /* Debug */,
				C323CBEC2443043A000626C5 /* Release */,
			);
			defaultConfigurationIsVisible = 0;
			defaultConfigurationName = Release;
		};
/* End XCConfigurationList section */

/* Begin XCVersionGroup section */
		C323CBBE24430437000626C5 /* MoBlog.xcdatamodeld */ = {
			isa = XCVersionGroup;
			children = (
				C323CBBF24430437000626C5 /* MoBlog.xcdatamodel */,
			);
			currentVersion = C323CBBF24430437000626C5 /* MoBlog.xcdatamodel */;
			path = MoBlog.xcdatamodeld;
			sourceTree = "<group>";
			versionGroupType = wrapper.xcdatamodel;
		};
/* End XCVersionGroup section */
	};
	rootObject = C323CBAF24430437000626C5 /* Project object */;
}
