// !$*UTF8*$!
{
	archiveVersion = 1;
	classes = {
	};
	objectVersion = 50;
	objects = {

/* Begin PBXBuildFile section */
		C301F1862573E1B700956E85 /* SourceNotificationButton.swift in Sources */ = {isa = PBXBuildFile; fileRef = C301F1852573E1B700956E85 /* SourceNotificationButton.swift */; };
		C301F1872573E1B700956E85 /* SourceNotificationButton.swift in Sources */ = {isa = PBXBuildFile; fileRef = C301F1852573E1B700956E85 /* SourceNotificationButton.swift */; };
		C301F1882573E1B700956E85 /* SourceNotificationButton.swift in Sources */ = {isa = PBXBuildFile; fileRef = C301F1852573E1B700956E85 /* SourceNotificationButton.swift */; };
		C301F18D257D051900956E85 /* CoreDataApi.swift in Sources */ = {isa = PBXBuildFile; fileRef = C301F18C257D051900956E85 /* CoreDataApi.swift */; };
		C301F18E257D051900956E85 /* CoreDataApi.swift in Sources */ = {isa = PBXBuildFile; fileRef = C301F18C257D051900956E85 /* CoreDataApi.swift */; };
		C301F18F257D051900956E85 /* CoreDataApi.swift in Sources */ = {isa = PBXBuildFile; fileRef = C301F18C257D051900956E85 /* CoreDataApi.swift */; };
		C323CBBB24430437000626C5 /* AppDelegate.swift in Sources */ = {isa = PBXBuildFile; fileRef = C323CBBA24430437000626C5 /* AppDelegate.swift */; };
		C323CBBD24430437000626C5 /* SceneDelegate.swift in Sources */ = {isa = PBXBuildFile; fileRef = C323CBBC24430437000626C5 /* SceneDelegate.swift */; };
		C323CBC024430437000626C5 /* MoBlog.xcdatamodeld in Sources */ = {isa = PBXBuildFile; fileRef = C323CBBE24430437000626C5 /* MoBlog.xcdatamodeld */; };
		C323CBC224430437000626C5 /* ContentView.swift in Sources */ = {isa = PBXBuildFile; fileRef = C323CBC124430437000626C5 /* ContentView.swift */; };
		C323CBC42443043A000626C5 /* Assets.xcassets in Resources */ = {isa = PBXBuildFile; fileRef = C323CBC32443043A000626C5 /* Assets.xcassets */; };
		C323CBC72443043A000626C5 /* Preview Assets.xcassets in Resources */ = {isa = PBXBuildFile; fileRef = C323CBC62443043A000626C5 /* Preview Assets.xcassets */; };
		C323CBCA2443043A000626C5 /* LaunchScreen.storyboard in Resources */ = {isa = PBXBuildFile; fileRef = C323CBC82443043A000626C5 /* LaunchScreen.storyboard */; };
		C323CBD52443043A000626C5 /* MoBlogTests.swift in Sources */ = {isa = PBXBuildFile; fileRef = C323CBD42443043A000626C5 /* MoBlogTests.swift */; };
		C323CBE02443043A000626C5 /* MoBlogUITests.swift in Sources */ = {isa = PBXBuildFile; fileRef = C323CBDF2443043A000626C5 /* MoBlogUITests.swift */; };
		C32F178C24E9AC9400BE35D4 /* WebView.swift in Sources */ = {isa = PBXBuildFile; fileRef = C32F178B24E9AC9400BE35D4 /* WebView.swift */; };
		C32F178D24E9AC9400BE35D4 /* WebView.swift in Sources */ = {isa = PBXBuildFile; fileRef = C32F178B24E9AC9400BE35D4 /* WebView.swift */; };
		C32F178E24E9AC9400BE35D4 /* WebView.swift in Sources */ = {isa = PBXBuildFile; fileRef = C32F178B24E9AC9400BE35D4 /* WebView.swift */; };
		C335744F251A52D6009813B3 /* RegisterRequest.swift in Sources */ = {isa = PBXBuildFile; fileRef = C335744E251A52D6009813B3 /* RegisterRequest.swift */; };
		C3357450251A52D6009813B3 /* RegisterRequest.swift in Sources */ = {isa = PBXBuildFile; fileRef = C335744E251A52D6009813B3 /* RegisterRequest.swift */; };
		C3357451251A52D6009813B3 /* RegisterRequest.swift in Sources */ = {isa = PBXBuildFile; fileRef = C335744E251A52D6009813B3 /* RegisterRequest.swift */; };
		C353752D2568720300EFCF02 /* View.swift in Sources */ = {isa = PBXBuildFile; fileRef = C353752C2568720300EFCF02 /* View.swift */; };
		C353752E2568720300EFCF02 /* View.swift in Sources */ = {isa = PBXBuildFile; fileRef = C353752C2568720300EFCF02 /* View.swift */; };
		C353752F2568720300EFCF02 /* View.swift in Sources */ = {isa = PBXBuildFile; fileRef = C353752C2568720300EFCF02 /* View.swift */; };
		C35375342569A51700EFCF02 /* Color.swift in Sources */ = {isa = PBXBuildFile; fileRef = C35375332569A51700EFCF02 /* Color.swift */; };
		C35375352569A51700EFCF02 /* Color.swift in Sources */ = {isa = PBXBuildFile; fileRef = C35375332569A51700EFCF02 /* Color.swift */; };
		C35375362569A51700EFCF02 /* Color.swift in Sources */ = {isa = PBXBuildFile; fileRef = C35375332569A51700EFCF02 /* Color.swift */; };
		C353753D2569BE7100EFCF02 /* SourcePost.swift in Sources */ = {isa = PBXBuildFile; fileRef = C353753C2569BE7000EFCF02 /* SourcePost.swift */; };
		C353753E2569BE7100EFCF02 /* SourcePost.swift in Sources */ = {isa = PBXBuildFile; fileRef = C353753C2569BE7000EFCF02 /* SourcePost.swift */; };
		C353753F2569BE7100EFCF02 /* SourcePost.swift in Sources */ = {isa = PBXBuildFile; fileRef = C353753C2569BE7000EFCF02 /* SourcePost.swift */; };
		C35375472569DAE600EFCF02 /* SourcePresentation.swift in Sources */ = {isa = PBXBuildFile; fileRef = C35375462569DAE600EFCF02 /* SourcePresentation.swift */; };
		C35375482569DAE600EFCF02 /* SourcePresentation.swift in Sources */ = {isa = PBXBuildFile; fileRef = C35375462569DAE600EFCF02 /* SourcePresentation.swift */; };
		C35375492569DAE600EFCF02 /* SourcePresentation.swift in Sources */ = {isa = PBXBuildFile; fileRef = C35375462569DAE600EFCF02 /* SourcePresentation.swift */; };
		C3596F3424A8A3C100269AD7 /* PostRequest.swift in Sources */ = {isa = PBXBuildFile; fileRef = C3596F3324A8A3C100269AD7 /* PostRequest.swift */; };
		C3596F3524A8A3C100269AD7 /* PostRequest.swift in Sources */ = {isa = PBXBuildFile; fileRef = C3596F3324A8A3C100269AD7 /* PostRequest.swift */; };
		C3596F3624A8A3C100269AD7 /* PostRequest.swift in Sources */ = {isa = PBXBuildFile; fileRef = C3596F3324A8A3C100269AD7 /* PostRequest.swift */; };
		C3596F3824A8D46300269AD7 /* MoBlogRequest.swift in Sources */ = {isa = PBXBuildFile; fileRef = C3596F3724A8D46300269AD7 /* MoBlogRequest.swift */; };
		C3596F3924A8D46300269AD7 /* MoBlogRequest.swift in Sources */ = {isa = PBXBuildFile; fileRef = C3596F3724A8D46300269AD7 /* MoBlogRequest.swift */; };
		C3596F3A24A8D46300269AD7 /* MoBlogRequest.swift in Sources */ = {isa = PBXBuildFile; fileRef = C3596F3724A8D46300269AD7 /* MoBlogRequest.swift */; };
		C36809A92599DD3500448750 /* HomeTitle.swift in Sources */ = {isa = PBXBuildFile; fileRef = C36809A82599DD3500448750 /* HomeTitle.swift */; };
		C36809AA2599DD3500448750 /* HomeTitle.swift in Sources */ = {isa = PBXBuildFile; fileRef = C36809A82599DD3500448750 /* HomeTitle.swift */; };
		C36809AB2599DD3500448750 /* HomeTitle.swift in Sources */ = {isa = PBXBuildFile; fileRef = C36809A82599DD3500448750 /* HomeTitle.swift */; };
		C36FB2F5254F0AEE006411C9 /* MoBlogView.swift in Sources */ = {isa = PBXBuildFile; fileRef = C36FB2F4254F0AEE006411C9 /* MoBlogView.swift */; };
		C36FB2F6254F0AEE006411C9 /* MoBlogView.swift in Sources */ = {isa = PBXBuildFile; fileRef = C36FB2F4254F0AEE006411C9 /* MoBlogView.swift */; };
		C36FB2F7254F0AEE006411C9 /* MoBlogView.swift in Sources */ = {isa = PBXBuildFile; fileRef = C36FB2F4254F0AEE006411C9 /* MoBlogView.swift */; };
		C36FB41D2572CEC100187C86 /* SourceFollowingButton.swift in Sources */ = {isa = PBXBuildFile; fileRef = C36FB41C2572CEC100187C86 /* SourceFollowingButton.swift */; };
		C36FB41E2572CEC100187C86 /* SourceFollowingButton.swift in Sources */ = {isa = PBXBuildFile; fileRef = C36FB41C2572CEC100187C86 /* SourceFollowingButton.swift */; };
		C36FB41F2572CEC100187C86 /* SourceFollowingButton.swift in Sources */ = {isa = PBXBuildFile; fileRef = C36FB41C2572CEC100187C86 /* SourceFollowingButton.swift */; };
		C370C87A25856B63002F39E4 /* SearchView.swift in Sources */ = {isa = PBXBuildFile; fileRef = C370C87925856B63002F39E4 /* SearchView.swift */; };
		C370C87B25856B63002F39E4 /* SearchView.swift in Sources */ = {isa = PBXBuildFile; fileRef = C370C87925856B63002F39E4 /* SearchView.swift */; };
		C370C87C25856B63002F39E4 /* SearchView.swift in Sources */ = {isa = PBXBuildFile; fileRef = C370C87925856B63002F39E4 /* SearchView.swift */; };
		C370C88125856DC2002F39E4 /* SearchBar.swift in Sources */ = {isa = PBXBuildFile; fileRef = C370C88025856DC2002F39E4 /* SearchBar.swift */; };
		C370C88225856DC2002F39E4 /* SearchBar.swift in Sources */ = {isa = PBXBuildFile; fileRef = C370C88025856DC2002F39E4 /* SearchBar.swift */; };
		C370C88325856DC2002F39E4 /* SearchBar.swift in Sources */ = {isa = PBXBuildFile; fileRef = C370C88025856DC2002F39E4 /* SearchBar.swift */; };
		C370C88925863A69002F39E4 /* SearchRow.swift in Sources */ = {isa = PBXBuildFile; fileRef = C370C88825863A69002F39E4 /* SearchRow.swift */; };
		C370C88A25863A69002F39E4 /* SearchRow.swift in Sources */ = {isa = PBXBuildFile; fileRef = C370C88825863A69002F39E4 /* SearchRow.swift */; };
		C370C88B25863A69002F39E4 /* SearchRow.swift in Sources */ = {isa = PBXBuildFile; fileRef = C370C88825863A69002F39E4 /* SearchRow.swift */; };
		C370C89925866574002F39E4 /* ExploreTitle.swift in Sources */ = {isa = PBXBuildFile; fileRef = C370C89825866574002F39E4 /* ExploreTitle.swift */; };
		C370C89A25866574002F39E4 /* ExploreTitle.swift in Sources */ = {isa = PBXBuildFile; fileRef = C370C89825866574002F39E4 /* ExploreTitle.swift */; };
		C370C89B25866574002F39E4 /* ExploreTitle.swift in Sources */ = {isa = PBXBuildFile; fileRef = C370C89825866574002F39E4 /* ExploreTitle.swift */; };
		C3A71238244A6B24005BA03F /* SettingsView.swift in Sources */ = {isa = PBXBuildFile; fileRef = C3A71237244A6B24005BA03F /* SettingsView.swift */; };
		C3A71239244A6B24005BA03F /* SettingsView.swift in Sources */ = {isa = PBXBuildFile; fileRef = C3A71237244A6B24005BA03F /* SettingsView.swift */; };
		C3A7123A244A6B24005BA03F /* SettingsView.swift in Sources */ = {isa = PBXBuildFile; fileRef = C3A71237244A6B24005BA03F /* SettingsView.swift */; };
		C3A7123C244A6DC5005BA03F /* Section.swift in Sources */ = {isa = PBXBuildFile; fileRef = C3A7123B244A6DC5005BA03F /* Section.swift */; };
		C3A7123D244A6DC5005BA03F /* Section.swift in Sources */ = {isa = PBXBuildFile; fileRef = C3A7123B244A6DC5005BA03F /* Section.swift */; };
		C3A7123E244A6DC5005BA03F /* Section.swift in Sources */ = {isa = PBXBuildFile; fileRef = C3A7123B244A6DC5005BA03F /* Section.swift */; };
		C3A71240244B1665005BA03F /* HomePost.swift in Sources */ = {isa = PBXBuildFile; fileRef = C3A7123F244B1665005BA03F /* HomePost.swift */; };
		C3A71241244B1665005BA03F /* HomePost.swift in Sources */ = {isa = PBXBuildFile; fileRef = C3A7123F244B1665005BA03F /* HomePost.swift */; };
		C3A71242244B1665005BA03F /* HomePost.swift in Sources */ = {isa = PBXBuildFile; fileRef = C3A7123F244B1665005BA03F /* HomePost.swift */; };
		C3A71244244C6DEE005BA03F /* Tag.swift in Sources */ = {isa = PBXBuildFile; fileRef = C3A71243244C6DEE005BA03F /* Tag.swift */; };
		C3A71245244C6DEE005BA03F /* Tag.swift in Sources */ = {isa = PBXBuildFile; fileRef = C3A71243244C6DEE005BA03F /* Tag.swift */; };
		C3A71246244C6DEE005BA03F /* Tag.swift in Sources */ = {isa = PBXBuildFile; fileRef = C3A71243244C6DEE005BA03F /* Tag.swift */; };
		C3ABF063254DB969003ADBE4 /* SourceView.swift in Sources */ = {isa = PBXBuildFile; fileRef = C3ABF062254DB969003ADBE4 /* SourceView.swift */; };
		C3ABF064254DB969003ADBE4 /* SourceView.swift in Sources */ = {isa = PBXBuildFile; fileRef = C3ABF062254DB969003ADBE4 /* SourceView.swift */; };
		C3ABF065254DB969003ADBE4 /* SourceView.swift in Sources */ = {isa = PBXBuildFile; fileRef = C3ABF062254DB969003ADBE4 /* SourceView.swift */; };
		C3AD4B4B2448D260009C4F87 /* HomeView.swift in Sources */ = {isa = PBXBuildFile; fileRef = C3AD4B4A2448D260009C4F87 /* HomeView.swift */; };
		C3AD4B4C2448D260009C4F87 /* HomeView.swift in Sources */ = {isa = PBXBuildFile; fileRef = C3AD4B4A2448D260009C4F87 /* HomeView.swift */; };
		C3AD4B4D2448D260009C4F87 /* HomeView.swift in Sources */ = {isa = PBXBuildFile; fileRef = C3AD4B4A2448D260009C4F87 /* HomeView.swift */; };
		C3AD4B502448D7ED009C4F87 /* PostData.json in Resources */ = {isa = PBXBuildFile; fileRef = C3AD4B4F2448D7ED009C4F87 /* PostData.json */; };
		C3AD4B532448D828009C4F87 /* Post.swift in Sources */ = {isa = PBXBuildFile; fileRef = C3AD4B522448D828009C4F87 /* Post.swift */; };
		C3AD4B55244A409C009C4F87 /* ExploreView.swift in Sources */ = {isa = PBXBuildFile; fileRef = C3AD4B54244A409C009C4F87 /* ExploreView.swift */; };
		C3AD4B56244A409C009C4F87 /* ExploreView.swift in Sources */ = {isa = PBXBuildFile; fileRef = C3AD4B54244A409C009C4F87 /* ExploreView.swift */; };
		C3AD4B57244A409C009C4F87 /* ExploreView.swift in Sources */ = {isa = PBXBuildFile; fileRef = C3AD4B54244A409C009C4F87 /* ExploreView.swift */; };
		C3AD4B59244A4595009C4F87 /* ExploreFeaturedPost.swift in Sources */ = {isa = PBXBuildFile; fileRef = C3AD4B58244A4595009C4F87 /* ExploreFeaturedPost.swift */; };
		C3AD4B5A244A4595009C4F87 /* ExploreFeaturedPost.swift in Sources */ = {isa = PBXBuildFile; fileRef = C3AD4B58244A4595009C4F87 /* ExploreFeaturedPost.swift */; };
		C3AD4B5B244A4595009C4F87 /* ExploreFeaturedPost.swift in Sources */ = {isa = PBXBuildFile; fileRef = C3AD4B58244A4595009C4F87 /* ExploreFeaturedPost.swift */; };
		C3ED860524EDB97E0023308A /* PostList.swift in Sources */ = {isa = PBXBuildFile; fileRef = C3ED860424EDB97E0023308A /* PostList.swift */; };
		C3ED860624EDB97E0023308A /* PostList.swift in Sources */ = {isa = PBXBuildFile; fileRef = C3ED860424EDB97E0023308A /* PostList.swift */; };
		C3ED860724EDB97E0023308A /* PostList.swift in Sources */ = {isa = PBXBuildFile; fileRef = C3ED860424EDB97E0023308A /* PostList.swift */; };
		C3ED860924F023E20023308A /* Source.swift in Sources */ = {isa = PBXBuildFile; fileRef = C3ED860824F023E20023308A /* Source.swift */; };
		C3ED860A24F023E20023308A /* Source.swift in Sources */ = {isa = PBXBuildFile; fileRef = C3ED860824F023E20023308A /* Source.swift */; };
		C3ED860B24F023E20023308A /* Source.swift in Sources */ = {isa = PBXBuildFile; fileRef = C3ED860824F023E20023308A /* Source.swift */; };
		C3ED860D24F0266C0023308A /* SourceData.json in Resources */ = {isa = PBXBuildFile; fileRef = C3ED860C24F0266C0023308A /* SourceData.json */; };
		C3ED860E24F0266C0023308A /* SourceData.json in Resources */ = {isa = PBXBuildFile; fileRef = C3ED860C24F0266C0023308A /* SourceData.json */; };
		C3ED860F24F0266C0023308A /* SourceData.json in Resources */ = {isa = PBXBuildFile; fileRef = C3ED860C24F0266C0023308A /* SourceData.json */; };
		C3ED861124F027410023308A /* SourceRequest.swift in Sources */ = {isa = PBXBuildFile; fileRef = C3ED861024F027410023308A /* SourceRequest.swift */; };
		C3ED861224F027410023308A /* SourceRequest.swift in Sources */ = {isa = PBXBuildFile; fileRef = C3ED861024F027410023308A /* SourceRequest.swift */; };
		C3ED861324F027410023308A /* SourceRequest.swift in Sources */ = {isa = PBXBuildFile; fileRef = C3ED861024F027410023308A /* SourceRequest.swift */; };
		C3ED861A24F032710023308A /* SourceList.swift in Sources */ = {isa = PBXBuildFile; fileRef = C3ED861924F032710023308A /* SourceList.swift */; };
		C3ED861B24F032710023308A /* SourceList.swift in Sources */ = {isa = PBXBuildFile; fileRef = C3ED861924F032710023308A /* SourceList.swift */; };
		C3ED861C24F032710023308A /* SourceList.swift in Sources */ = {isa = PBXBuildFile; fileRef = C3ED861924F032710023308A /* SourceList.swift */; };
		C3ED861E24F037830023308A /* ProfileImage.swift in Sources */ = {isa = PBXBuildFile; fileRef = C3ED861D24F037830023308A /* ProfileImage.swift */; };
		C3ED861F24F037830023308A /* ProfileImage.swift in Sources */ = {isa = PBXBuildFile; fileRef = C3ED861D24F037830023308A /* ProfileImage.swift */; };
		C3ED862024F037830023308A /* ProfileImage.swift in Sources */ = {isa = PBXBuildFile; fileRef = C3ED861D24F037830023308A /* ProfileImage.swift */; };
		C3ED862224F1328C0023308A /* MoBlogButton.swift in Sources */ = {isa = PBXBuildFile; fileRef = C3ED862124F1328C0023308A /* MoBlogButton.swift */; };
		C3ED862324F1328C0023308A /* MoBlogButton.swift in Sources */ = {isa = PBXBuildFile; fileRef = C3ED862124F1328C0023308A /* MoBlogButton.swift */; };
		C3ED862424F1328C0023308A /* MoBlogButton.swift in Sources */ = {isa = PBXBuildFile; fileRef = C3ED862124F1328C0023308A /* MoBlogButton.swift */; };
		C3ED862724F2B2C00023308A /* UIImage.swift in Sources */ = {isa = PBXBuildFile; fileRef = C3ED862624F2B2C00023308A /* UIImage.swift */; };
		C3ED862824F2B2C00023308A /* UIImage.swift in Sources */ = {isa = PBXBuildFile; fileRef = C3ED862624F2B2C00023308A /* UIImage.swift */; };
		C3ED862924F2B2C00023308A /* UIImage.swift in Sources */ = {isa = PBXBuildFile; fileRef = C3ED862624F2B2C00023308A /* UIImage.swift */; };
/* End PBXBuildFile section */

/* Begin PBXContainerItemProxy section */
		C323CBD12443043A000626C5 /* PBXContainerItemProxy */ = {
			isa = PBXContainerItemProxy;
			containerPortal = C323CBAF24430437000626C5 /* Project object */;
			proxyType = 1;
			remoteGlobalIDString = C323CBB624430437000626C5;
			remoteInfo = MoBlog;
		};
		C323CBDC2443043A000626C5 /* PBXContainerItemProxy */ = {
			isa = PBXContainerItemProxy;
			containerPortal = C323CBAF24430437000626C5 /* Project object */;
			proxyType = 1;
			remoteGlobalIDString = C323CBB624430437000626C5;
			remoteInfo = MoBlog;
		};
/* End PBXContainerItemProxy section */

/* Begin PBXFileReference section */
		C301F1852573E1B700956E85 /* SourceNotificationButton.swift */ = {isa = PBXFileReference; lastKnownFileType = sourcecode.swift; path = SourceNotificationButton.swift; sourceTree = "<group>"; };
		C301F18C257D051900956E85 /* CoreDataApi.swift */ = {isa = PBXFileReference; lastKnownFileType = sourcecode.swift; path = CoreDataApi.swift; sourceTree = "<group>"; };
		C323CBB724430437000626C5 /* MoBlog.app */ = {isa = PBXFileReference; explicitFileType = wrapper.application; includeInIndex = 0; path = MoBlog.app; sourceTree = BUILT_PRODUCTS_DIR; };
		C323CBBA24430437000626C5 /* AppDelegate.swift */ = {isa = PBXFileReference; lastKnownFileType = sourcecode.swift; path = AppDelegate.swift; sourceTree = "<group>"; };
		C323CBBC24430437000626C5 /* SceneDelegate.swift */ = {isa = PBXFileReference; lastKnownFileType = sourcecode.swift; path = SceneDelegate.swift; sourceTree = "<group>"; };
		C323CBBF24430437000626C5 /* MoBlog.xcdatamodel */ = {isa = PBXFileReference; lastKnownFileType = wrapper.xcdatamodel; path = MoBlog.xcdatamodel; sourceTree = "<group>"; };
		C323CBC124430437000626C5 /* ContentView.swift */ = {isa = PBXFileReference; lastKnownFileType = sourcecode.swift; path = ContentView.swift; sourceTree = "<group>"; };
		C323CBC32443043A000626C5 /* Assets.xcassets */ = {isa = PBXFileReference; lastKnownFileType = folder.assetcatalog; path = Assets.xcassets; sourceTree = "<group>"; };
		C323CBC62443043A000626C5 /* Preview Assets.xcassets */ = {isa = PBXFileReference; lastKnownFileType = folder.assetcatalog; path = "Preview Assets.xcassets"; sourceTree = "<group>"; };
		C323CBC92443043A000626C5 /* Base */ = {isa = PBXFileReference; lastKnownFileType = file.storyboard; name = Base; path = Base.lproj/LaunchScreen.storyboard; sourceTree = "<group>"; };
		C323CBCB2443043A000626C5 /* Info.plist */ = {isa = PBXFileReference; lastKnownFileType = text.plist.xml; path = Info.plist; sourceTree = "<group>"; };
		C323CBD02443043A000626C5 /* MoBlogTests.xctest */ = {isa = PBXFileReference; explicitFileType = wrapper.cfbundle; includeInIndex = 0; path = MoBlogTests.xctest; sourceTree = BUILT_PRODUCTS_DIR; };
		C323CBD42443043A000626C5 /* MoBlogTests.swift */ = {isa = PBXFileReference; lastKnownFileType = sourcecode.swift; path = MoBlogTests.swift; sourceTree = "<group>"; };
		C323CBD62443043A000626C5 /* Info.plist */ = {isa = PBXFileReference; lastKnownFileType = text.plist.xml; path = Info.plist; sourceTree = "<group>"; };
		C323CBDB2443043A000626C5 /* MoBlogUITests.xctest */ = {isa = PBXFileReference; explicitFileType = wrapper.cfbundle; includeInIndex = 0; path = MoBlogUITests.xctest; sourceTree = BUILT_PRODUCTS_DIR; };
		C323CBDF2443043A000626C5 /* MoBlogUITests.swift */ = {isa = PBXFileReference; lastKnownFileType = sourcecode.swift; path = MoBlogUITests.swift; sourceTree = "<group>"; };
		C323CBE12443043A000626C5 /* Info.plist */ = {isa = PBXFileReference; lastKnownFileType = text.plist.xml; path = Info.plist; sourceTree = "<group>"; };
		C32F178B24E9AC9400BE35D4 /* WebView.swift */ = {isa = PBXFileReference; lastKnownFileType = sourcecode.swift; path = WebView.swift; sourceTree = "<group>"; };
		C335744E251A52D6009813B3 /* RegisterRequest.swift */ = {isa = PBXFileReference; lastKnownFileType = sourcecode.swift; path = RegisterRequest.swift; sourceTree = "<group>"; };
		C353752C2568720300EFCF02 /* View.swift */ = {isa = PBXFileReference; lastKnownFileType = sourcecode.swift; path = View.swift; sourceTree = "<group>"; };
		C35375332569A51700EFCF02 /* Color.swift */ = {isa = PBXFileReference; lastKnownFileType = sourcecode.swift; path = Color.swift; sourceTree = "<group>"; };
		C353753C2569BE7000EFCF02 /* SourcePost.swift */ = {isa = PBXFileReference; lastKnownFileType = sourcecode.swift; path = SourcePost.swift; sourceTree = "<group>"; };
		C35375462569DAE600EFCF02 /* SourcePresentation.swift */ = {isa = PBXFileReference; lastKnownFileType = sourcecode.swift; path = SourcePresentation.swift; sourceTree = "<group>"; };
		C3596F3324A8A3C100269AD7 /* PostRequest.swift */ = {isa = PBXFileReference; lastKnownFileType = sourcecode.swift; path = PostRequest.swift; sourceTree = "<group>"; };
		C3596F3724A8D46300269AD7 /* MoBlogRequest.swift */ = {isa = PBXFileReference; lastKnownFileType = sourcecode.swift; path = MoBlogRequest.swift; sourceTree = "<group>"; };
		C36809A82599DD3500448750 /* HomeTitle.swift */ = {isa = PBXFileReference; lastKnownFileType = sourcecode.swift; path = HomeTitle.swift; sourceTree = "<group>"; };
		C36FB2F4254F0AEE006411C9 /* MoBlogView.swift */ = {isa = PBXFileReference; lastKnownFileType = sourcecode.swift; path = MoBlogView.swift; sourceTree = "<group>"; };
		C36FB41C2572CEC100187C86 /* SourceFollowingButton.swift */ = {isa = PBXFileReference; lastKnownFileType = sourcecode.swift; path = SourceFollowingButton.swift; sourceTree = "<group>"; };
		C370C87925856B63002F39E4 /* SearchView.swift */ = {isa = PBXFileReference; lastKnownFileType = sourcecode.swift; path = SearchView.swift; sourceTree = "<group>"; };
		C370C88025856DC2002F39E4 /* SearchBar.swift */ = {isa = PBXFileReference; lastKnownFileType = sourcecode.swift; path = SearchBar.swift; sourceTree = "<group>"; };
		C370C88825863A69002F39E4 /* SearchRow.swift */ = {isa = PBXFileReference; lastKnownFileType = sourcecode.swift; path = SearchRow.swift; sourceTree = "<group>"; };
		C370C89825866574002F39E4 /* ExploreTitle.swift */ = {isa = PBXFileReference; lastKnownFileType = sourcecode.swift; path = ExploreTitle.swift; sourceTree = "<group>"; };
		C39CC63B251CFD590004952F /* MoBlog.entitlements */ = {isa = PBXFileReference; lastKnownFileType = text.plist.entitlements; path = MoBlog.entitlements; sourceTree = "<group>"; };
		C3A71237244A6B24005BA03F /* SettingsView.swift */ = {isa = PBXFileReference; lastKnownFileType = sourcecode.swift; path = SettingsView.swift; sourceTree = "<group>"; };
		C3A7123B244A6DC5005BA03F /* Section.swift */ = {isa = PBXFileReference; lastKnownFileType = sourcecode.swift; path = Section.swift; sourceTree = "<group>"; };
		C3A7123F244B1665005BA03F /* HomePost.swift */ = {isa = PBXFileReference; lastKnownFileType = sourcecode.swift; path = HomePost.swift; sourceTree = "<group>"; };
		C3A71243244C6DEE005BA03F /* Tag.swift */ = {isa = PBXFileReference; lastKnownFileType = sourcecode.swift; path = Tag.swift; sourceTree = "<group>"; };
		C3ABF062254DB969003ADBE4 /* SourceView.swift */ = {isa = PBXFileReference; lastKnownFileType = sourcecode.swift; path = SourceView.swift; sourceTree = "<group>"; };
		C3AD4B4A2448D260009C4F87 /* HomeView.swift */ = {isa = PBXFileReference; lastKnownFileType = sourcecode.swift; path = HomeView.swift; sourceTree = "<group>"; };
		C3AD4B4F2448D7ED009C4F87 /* PostData.json */ = {isa = PBXFileReference; lastKnownFileType = text.json; path = PostData.json; sourceTree = "<group>"; };
		C3AD4B522448D828009C4F87 /* Post.swift */ = {isa = PBXFileReference; lastKnownFileType = sourcecode.swift; path = Post.swift; sourceTree = "<group>"; };
		C3AD4B54244A409C009C4F87 /* ExploreView.swift */ = {isa = PBXFileReference; lastKnownFileType = sourcecode.swift; path = ExploreView.swift; sourceTree = "<group>"; };
		C3AD4B58244A4595009C4F87 /* ExploreFeaturedPost.swift */ = {isa = PBXFileReference; lastKnownFileType = sourcecode.swift; path = ExploreFeaturedPost.swift; sourceTree = "<group>"; };
		C3ED860424EDB97E0023308A /* PostList.swift */ = {isa = PBXFileReference; lastKnownFileType = sourcecode.swift; path = PostList.swift; sourceTree = "<group>"; };
		C3ED860824F023E20023308A /* Source.swift */ = {isa = PBXFileReference; lastKnownFileType = sourcecode.swift; path = Source.swift; sourceTree = "<group>"; };
		C3ED860C24F0266C0023308A /* SourceData.json */ = {isa = PBXFileReference; lastKnownFileType = text.json; path = SourceData.json; sourceTree = "<group>"; };
		C3ED861024F027410023308A /* SourceRequest.swift */ = {isa = PBXFileReference; lastKnownFileType = sourcecode.swift; path = SourceRequest.swift; sourceTree = "<group>"; };
		C3ED861924F032710023308A /* SourceList.swift */ = {isa = PBXFileReference; lastKnownFileType = sourcecode.swift; path = SourceList.swift; sourceTree = "<group>"; };
		C3ED861D24F037830023308A /* ProfileImage.swift */ = {isa = PBXFileReference; lastKnownFileType = sourcecode.swift; path = ProfileImage.swift; sourceTree = "<group>"; };
		C3ED862124F1328C0023308A /* MoBlogButton.swift */ = {isa = PBXFileReference; lastKnownFileType = sourcecode.swift; path = MoBlogButton.swift; sourceTree = "<group>"; };
		C3ED862624F2B2C00023308A /* UIImage.swift */ = {isa = PBXFileReference; lastKnownFileType = sourcecode.swift; path = UIImage.swift; sourceTree = "<group>"; };
/* End PBXFileReference section */

/* Begin PBXFrameworksBuildPhase section */
		C323CBB424430437000626C5 /* Frameworks */ = {
			isa = PBXFrameworksBuildPhase;
			buildActionMask = 2147483647;
			files = (
			);
			runOnlyForDeploymentPostprocessing = 0;
		};
		C323CBCD2443043A000626C5 /* Frameworks */ = {
			isa = PBXFrameworksBuildPhase;
			buildActionMask = 2147483647;
			files = (
			);
			runOnlyForDeploymentPostprocessing = 0;
		};
		C323CBD82443043A000626C5 /* Frameworks */ = {
			isa = PBXFrameworksBuildPhase;
			buildActionMask = 2147483647;
			files = (
			);
			runOnlyForDeploymentPostprocessing = 0;
		};
/* End PBXFrameworksBuildPhase section */

/* Begin PBXGroup section */
		C304FC63256DBF7100841A84 /* ExploreView */ = {
			isa = PBXGroup;
			children = (
				C370C88725863A47002F39E4 /* SearchView */,
				C3AD4B58244A4595009C4F87 /* ExploreFeaturedPost.swift */,
				C3AD4B54244A409C009C4F87 /* ExploreView.swift */,
				C370C89825866574002F39E4 /* ExploreTitle.swift */,
			);
			path = ExploreView;
			sourceTree = "<group>";
		};
		C304FC64256DBF8B00841A84 /* SettingsView */ = {
			isa = PBXGroup;
			children = (
				C3A71237244A6B24005BA03F /* SettingsView.swift */,
			);
			path = SettingsView;
			sourceTree = "<group>";
		};
		C323CBAE24430437000626C5 = {
			isa = PBXGroup;
			children = (
				C323CBB924430437000626C5 /* MoBlog */,
				C323CBD32443043A000626C5 /* MoBlogTests */,
				C323CBDE2443043A000626C5 /* MoBlogUITests */,
				C323CBB824430437000626C5 /* Products */,
			);
			sourceTree = "<group>";
		};
		C323CBB824430437000626C5 /* Products */ = {
			isa = PBXGroup;
			children = (
				C323CBB724430437000626C5 /* MoBlog.app */,
				C323CBD02443043A000626C5 /* MoBlogTests.xctest */,
				C323CBDB2443043A000626C5 /* MoBlogUITests.xctest */,
			);
			name = Products;
			sourceTree = "<group>";
		};
		C323CBB924430437000626C5 /* MoBlog */ = {
			isa = PBXGroup;
			children = (
				C39CC63B251CFD590004952F /* MoBlog.entitlements */,
				C3596F3224A8A37900269AD7 /* Api */,
				C3AD4B512448D808009C4F87 /* Models */,
				C3AD4B492448CFCA009C4F87 /* Components */,
				C3AD4B482448CFBB009C4F87 /* Views */,
				C323CBBA24430437000626C5 /* AppDelegate.swift */,
				C323CBBC24430437000626C5 /* SceneDelegate.swift */,
				C323CBC124430437000626C5 /* ContentView.swift */,
				C323CBC32443043A000626C5 /* Assets.xcassets */,
				C323CBC82443043A000626C5 /* LaunchScreen.storyboard */,
				C323CBCB2443043A000626C5 /* Info.plist */,
				C323CBBE24430437000626C5 /* MoBlog.xcdatamodeld */,
				C3AD4B4E2448D772009C4F87 /* Resources */,
				C323CBC52443043A000626C5 /* Preview Content */,
			);
			path = MoBlog;
			sourceTree = "<group>";
		};
		C323CBC52443043A000626C5 /* Preview Content */ = {
			isa = PBXGroup;
			children = (
				C323CBC62443043A000626C5 /* Preview Assets.xcassets */,
			);
			path = "Preview Content";
			sourceTree = "<group>";
		};
		C323CBD32443043A000626C5 /* MoBlogTests */ = {
			isa = PBXGroup;
			children = (
				C323CBD42443043A000626C5 /* MoBlogTests.swift */,
				C323CBD62443043A000626C5 /* Info.plist */,
			);
			path = MoBlogTests;
			sourceTree = "<group>";
		};
		C323CBDE2443043A000626C5 /* MoBlogUITests */ = {
			isa = PBXGroup;
			children = (
				C323CBDF2443043A000626C5 /* MoBlogUITests.swift */,
				C323CBE12443043A000626C5 /* Info.plist */,
			);
			path = MoBlogUITests;
			sourceTree = "<group>";
		};
		C353753A2569BDE500EFCF02 /* HomeView */ = {
			isa = PBXGroup;
			children = (
				C3AD4B4A2448D260009C4F87 /* HomeView.swift */,
				C3A7123F244B1665005BA03F /* HomePost.swift */,
				C36809A82599DD3500448750 /* HomeTitle.swift */,
			);
			path = HomeView;
			sourceTree = "<group>";
		};
		C353753B2569BE2000EFCF02 /* SourceView */ = {
			isa = PBXGroup;
			children = (
				C3ABF062254DB969003ADBE4 /* SourceView.swift */,
				C353753C2569BE7000EFCF02 /* SourcePost.swift */,
				C35375462569DAE600EFCF02 /* SourcePresentation.swift */,
				C36FB41C2572CEC100187C86 /* SourceFollowingButton.swift */,
				C301F1852573E1B700956E85 /* SourceNotificationButton.swift */,
			);
			path = SourceView;
			sourceTree = "<group>";
		};
		C3596F3224A8A37900269AD7 /* Api */ = {
			isa = PBXGroup;
			children = (
				C3596F3324A8A3C100269AD7 /* PostRequest.swift */,
				C3ED861024F027410023308A /* SourceRequest.swift */,
				C3596F3724A8D46300269AD7 /* MoBlogRequest.swift */,
				C335744E251A52D6009813B3 /* RegisterRequest.swift */,
				C301F18C257D051900956E85 /* CoreDataApi.swift */,
			);
			path = Api;
			sourceTree = "<group>";
		};
		C370C88725863A47002F39E4 /* SearchView */ = {
			isa = PBXGroup;
			children = (
				C370C87925856B63002F39E4 /* SearchView.swift */,
				C370C88825863A69002F39E4 /* SearchRow.swift */,
			);
			path = SearchView;
			sourceTree = "<group>";
		};
		C3AD4B482448CFBB009C4F87 /* Views */ = {
			isa = PBXGroup;
			children = (
				C304FC64256DBF8B00841A84 /* SettingsView */,
				C304FC63256DBF7100841A84 /* ExploreView */,
				C353753B2569BE2000EFCF02 /* SourceView */,
				C353753A2569BDE500EFCF02 /* HomeView */,
				C36FB2F4254F0AEE006411C9 /* MoBlogView.swift */,
			);
			path = Views;
			sourceTree = "<group>";
		};
		C3AD4B492448CFCA009C4F87 /* Components */ = {
			isa = PBXGroup;
			children = (
				C3ED862524F2B2AA0023308A /* Extensions */,
				C32F178B24E9AC9400BE35D4 /* WebView.swift */,
				C3A7123B244A6DC5005BA03F /* Section.swift */,
				C3A71243244C6DEE005BA03F /* Tag.swift */,
				C3ED861D24F037830023308A /* ProfileImage.swift */,
				C3ED862124F1328C0023308A /* MoBlogButton.swift */,
				C370C88025856DC2002F39E4 /* SearchBar.swift */,
			);
			path = Components;
			sourceTree = "<group>";
		};
		C3AD4B4E2448D772009C4F87 /* Resources */ = {
			isa = PBXGroup;
			children = (
				C3AD4B4F2448D7ED009C4F87 /* PostData.json */,
				C3ED860C24F0266C0023308A /* SourceData.json */,
			);
			path = Resources;
			sourceTree = "<group>";
		};
		C3AD4B512448D808009C4F87 /* Models */ = {
			isa = PBXGroup;
			children = (
				C3AD4B522448D828009C4F87 /* Post.swift */,
				C3ED860424EDB97E0023308A /* PostList.swift */,
				C3ED860824F023E20023308A /* Source.swift */,
				C3ED861924F032710023308A /* SourceList.swift */,
			);
			path = Models;
			sourceTree = "<group>";
		};
		C3ED862524F2B2AA0023308A /* Extensions */ = {
			isa = PBXGroup;
			children = (
				C3ED862624F2B2C00023308A /* UIImage.swift */,
				C353752C2568720300EFCF02 /* View.swift */,
				C35375332569A51700EFCF02 /* Color.swift */,
			);
			path = Extensions;
			sourceTree = "<group>";
		};
/* End PBXGroup section */

/* Begin PBXNativeTarget section */
		C323CBB624430437000626C5 /* MoBlog */ = {
			isa = PBXNativeTarget;
			buildConfigurationList = C323CBE42443043A000626C5 /* Build configuration list for PBXNativeTarget "MoBlog" */;
			buildPhases = (
				C323CBB324430437000626C5 /* Sources */,
				C323CBB424430437000626C5 /* Frameworks */,
				C323CBB524430437000626C5 /* Resources */,
			);
			buildRules = (
			);
			dependencies = (
			);
			name = MoBlog;
			productName = MoBlog;
			productReference = C323CBB724430437000626C5 /* MoBlog.app */;
			productType = "com.apple.product-type.application";
		};
		C323CBCF2443043A000626C5 /* MoBlogTests */ = {
			isa = PBXNativeTarget;
			buildConfigurationList = C323CBE72443043A000626C5 /* Build configuration list for PBXNativeTarget "MoBlogTests" */;
			buildPhases = (
				C323CBCC2443043A000626C5 /* Sources */,
				C323CBCD2443043A000626C5 /* Frameworks */,
				C323CBCE2443043A000626C5 /* Resources */,
			);
			buildRules = (
			);
			dependencies = (
				C323CBD22443043A000626C5 /* PBXTargetDependency */,
			);
			name = MoBlogTests;
			productName = MoBlogTests;
			productReference = C323CBD02443043A000626C5 /* MoBlogTests.xctest */;
			productType = "com.apple.product-type.bundle.unit-test";
		};
		C323CBDA2443043A000626C5 /* MoBlogUITests */ = {
			isa = PBXNativeTarget;
			buildConfigurationList = C323CBEA2443043A000626C5 /* Build configuration list for PBXNativeTarget "MoBlogUITests" */;
			buildPhases = (
				C323CBD72443043A000626C5 /* Sources */,
				C323CBD82443043A000626C5 /* Frameworks */,
				C323CBD92443043A000626C5 /* Resources */,
			);
			buildRules = (
			);
			dependencies = (
				C323CBDD2443043A000626C5 /* PBXTargetDependency */,
			);
			name = MoBlogUITests;
			productName = MoBlogUITests;
			productReference = C323CBDB2443043A000626C5 /* MoBlogUITests.xctest */;
			productType = "com.apple.product-type.bundle.ui-testing";
		};
/* End PBXNativeTarget section */

/* Begin PBXProject section */
		C323CBAF24430437000626C5 /* Project object */ = {
			isa = PBXProject;
			attributes = {
				LastSwiftUpdateCheck = 1140;
				LastUpgradeCheck = 1200;
				ORGANIZATIONNAME = "Filip Palmqvist";
				TargetAttributes = {
					C323CBB624430437000626C5 = {
						CreatedOnToolsVersion = 11.4;
					};
					C323CBCF2443043A000626C5 = {
						CreatedOnToolsVersion = 11.4;
						TestTargetID = C323CBB624430437000626C5;
					};
					C323CBDA2443043A000626C5 = {
						CreatedOnToolsVersion = 11.4;
						TestTargetID = C323CBB624430437000626C5;
					};
				};
			};
			buildConfigurationList = C323CBB224430437000626C5 /* Build configuration list for PBXProject "MoBlog" */;
			compatibilityVersion = "Xcode 9.3";
			developmentRegion = en;
			hasScannedForEncodings = 0;
			knownRegions = (
				en,
				Base,
			);
			mainGroup = C323CBAE24430437000626C5;
			productRefGroup = C323CBB824430437000626C5 /* Products */;
			projectDirPath = "";
			projectRoot = "";
			targets = (
				C323CBB624430437000626C5 /* MoBlog */,
				C323CBCF2443043A000626C5 /* MoBlogTests */,
				C323CBDA2443043A000626C5 /* MoBlogUITests */,
			);
		};
/* End PBXProject section */

/* Begin PBXResourcesBuildPhase section */
		C323CBB524430437000626C5 /* Resources */ = {
			isa = PBXResourcesBuildPhase;
			buildActionMask = 2147483647;
			files = (
				C3ED860D24F0266C0023308A /* SourceData.json in Resources */,
				C323CBCA2443043A000626C5 /* LaunchScreen.storyboard in Resources */,
				C3AD4B502448D7ED009C4F87 /* PostData.json in Resources */,
				C323CBC72443043A000626C5 /* Preview Assets.xcassets in Resources */,
				C323CBC42443043A000626C5 /* Assets.xcassets in Resources */,
			);
			runOnlyForDeploymentPostprocessing = 0;
		};
		C323CBCE2443043A000626C5 /* Resources */ = {
			isa = PBXResourcesBuildPhase;
			buildActionMask = 2147483647;
			files = (
				C3ED860E24F0266C0023308A /* SourceData.json in Resources */,
			);
			runOnlyForDeploymentPostprocessing = 0;
		};
		C323CBD92443043A000626C5 /* Resources */ = {
			isa = PBXResourcesBuildPhase;
			buildActionMask = 2147483647;
			files = (
				C3ED860F24F0266C0023308A /* SourceData.json in Resources */,
			);
			runOnlyForDeploymentPostprocessing = 0;
		};
/* End PBXResourcesBuildPhase section */

/* Begin PBXSourcesBuildPhase section */
		C323CBB324430437000626C5 /* Sources */ = {
			isa = PBXSourcesBuildPhase;
			buildActionMask = 2147483647;
			files = (
				C353752D2568720300EFCF02 /* View.swift in Sources */,
				C3A71244244C6DEE005BA03F /* Tag.swift in Sources */,
				C36FB41D2572CEC100187C86 /* SourceFollowingButton.swift in Sources */,
				C3ED862724F2B2C00023308A /* UIImage.swift in Sources */,
				C3596F3424A8A3C100269AD7 /* PostRequest.swift in Sources */,
				C3ED861124F027410023308A /* SourceRequest.swift in Sources */,
				C370C88925863A69002F39E4 /* SearchRow.swift in Sources */,
				C3AD4B55244A409C009C4F87 /* ExploreView.swift in Sources */,
				C3ED861A24F032710023308A /* SourceList.swift in Sources */,
				C35375472569DAE600EFCF02 /* SourcePresentation.swift in Sources */,
				C301F18D257D051900956E85 /* CoreDataApi.swift in Sources */,
				C3AD4B59244A4595009C4F87 /* ExploreFeaturedPost.swift in Sources */,
				C3ED861E24F037830023308A /* ProfileImage.swift in Sources */,
				C323CBBB24430437000626C5 /* AppDelegate.swift in Sources */,
				C301F1862573E1B700956E85 /* SourceNotificationButton.swift in Sources */,
				C3596F3824A8D46300269AD7 /* MoBlogRequest.swift in Sources */,
				C370C88125856DC2002F39E4 /* SearchBar.swift in Sources */,
				C32F178C24E9AC9400BE35D4 /* WebView.swift in Sources */,
				C335744F251A52D6009813B3 /* RegisterRequest.swift in Sources */,
				C3ED862224F1328C0023308A /* MoBlogButton.swift in Sources */,
				C3ED860924F023E20023308A /* Source.swift in Sources */,
				C3A71238244A6B24005BA03F /* SettingsView.swift in Sources */,
				C3ABF063254DB969003ADBE4 /* SourceView.swift in Sources */,
				C35375342569A51700EFCF02 /* Color.swift in Sources */,
				C353753D2569BE7100EFCF02 /* SourcePost.swift in Sources */,
				C370C87A25856B63002F39E4 /* SearchView.swift in Sources */,
				C370C89925866574002F39E4 /* ExploreTitle.swift in Sources */,
				C3A71240244B1665005BA03F /* HomePost.swift in Sources */,
				C36FB2F5254F0AEE006411C9 /* MoBlogView.swift in Sources */,
				C323CBC024430437000626C5 /* MoBlog.xcdatamodeld in Sources */,
				C3A7123C244A6DC5005BA03F /* Section.swift in Sources */,
				C323CBC224430437000626C5 /* ContentView.swift in Sources */,
				C3AD4B532448D828009C4F87 /* Post.swift in Sources */,
				C36809A92599DD3500448750 /* HomeTitle.swift in Sources */,
				C3ED860524EDB97E0023308A /* PostList.swift in Sources */,
				C3AD4B4B2448D260009C4F87 /* HomeView.swift in Sources */,
				C323CBBD24430437000626C5 /* SceneDelegate.swift in Sources */,
			);
			runOnlyForDeploymentPostprocessing = 0;
		};
		C323CBCC2443043A000626C5 /* Sources */ = {
			isa = PBXSourcesBuildPhase;
			buildActionMask = 2147483647;
			files = (
				C35375482569DAE600EFCF02 /* SourcePresentation.swift in Sources */,
				C3A71245244C6DEE005BA03F /* Tag.swift in Sources */,
				C301F1872573E1B700956E85 /* SourceNotificationButton.swift in Sources */,
				C3A71239244A6B24005BA03F /* SettingsView.swift in Sources */,
				C353753E2569BE7100EFCF02 /* SourcePost.swift in Sources */,
				C36FB41E2572CEC100187C86 /* SourceFollowingButton.swift in Sources */,
				C35375352569A51700EFCF02 /* Color.swift in Sources */,
				C3ED861B24F032710023308A /* SourceList.swift in Sources */,
				C3ABF064254DB969003ADBE4 /* SourceView.swift in Sources */,
				C323CBD52443043A000626C5 /* MoBlogTests.swift in Sources */,
				C370C88A25863A69002F39E4 /* SearchRow.swift in Sources */,
				C3357450251A52D6009813B3 /* RegisterRequest.swift in Sources */,
				C3AD4B5A244A4595009C4F87 /* ExploreFeaturedPost.swift in Sources */,
				C3A71241244B1665005BA03F /* HomePost.swift in Sources */,
				C370C89A25866574002F39E4 /* ExploreTitle.swift in Sources */,
				C3A7123D244A6DC5005BA03F /* Section.swift in Sources */,
				C3ED861224F027410023308A /* SourceRequest.swift in Sources */,
				C3AD4B56244A409C009C4F87 /* ExploreView.swift in Sources */,
				C3596F3924A8D46300269AD7 /* MoBlogRequest.swift in Sources */,
				C370C88225856DC2002F39E4 /* SearchBar.swift in Sources */,
				C36809AA2599DD3500448750 /* HomeTitle.swift in Sources */,
				C301F18E257D051900956E85 /* CoreDataApi.swift in Sources */,
				C3596F3524A8A3C100269AD7 /* PostRequest.swift in Sources */,
				C3AD4B4C2448D260009C4F87 /* HomeView.swift in Sources */,
				C3ED860624EDB97E0023308A /* PostList.swift in Sources */,
				C32F178D24E9AC9400BE35D4 /* WebView.swift in Sources */,
				C3ED862324F1328C0023308A /* MoBlogButton.swift in Sources */,
				C370C87B25856B63002F39E4 /* SearchView.swift in Sources */,
				C3ED862824F2B2C00023308A /* UIImage.swift in Sources */,
				C3ED861F24F037830023308A /* ProfileImage.swift in Sources */,
				C3ED860A24F023E20023308A /* Source.swift in Sources */,
				C353752E2568720300EFCF02 /* View.swift in Sources */,
				C36FB2F6254F0AEE006411C9 /* MoBlogView.swift in Sources */,
			);
			runOnlyForDeploymentPostprocessing = 0;
		};
		C323CBD72443043A000626C5 /* Sources */ = {
			isa = PBXSourcesBuildPhase;
			buildActionMask = 2147483647;
			files = (
				C35375492569DAE600EFCF02 /* SourcePresentation.swift in Sources */,
				C3A71246244C6DEE005BA03F /* Tag.swift in Sources */,
				C301F1882573E1B700956E85 /* SourceNotificationButton.swift in Sources */,
				C3A7123A244A6B24005BA03F /* SettingsView.swift in Sources */,
				C353753F2569BE7100EFCF02 /* SourcePost.swift in Sources */,
				C36FB41F2572CEC100187C86 /* SourceFollowingButton.swift in Sources */,
				C35375362569A51700EFCF02 /* Color.swift in Sources */,
				C3ED861C24F032710023308A /* SourceList.swift in Sources */,
				C3ABF065254DB969003ADBE4 /* SourceView.swift in Sources */,
				C323CBE02443043A000626C5 /* MoBlogUITests.swift in Sources */,
				C370C88B25863A69002F39E4 /* SearchRow.swift in Sources */,
				C3357451251A52D6009813B3 /* RegisterRequest.swift in Sources */,
				C3AD4B5B244A4595009C4F87 /* ExploreFeaturedPost.swift in Sources */,
				C3A71242244B1665005BA03F /* HomePost.swift in Sources */,
				C370C89B25866574002F39E4 /* ExploreTitle.swift in Sources */,
				C3A7123E244A6DC5005BA03F /* Section.swift in Sources */,
				C3ED861324F027410023308A /* SourceRequest.swift in Sources */,
				C3AD4B57244A409C009C4F87 /* ExploreView.swift in Sources */,
				C3596F3A24A8D46300269AD7 /* MoBlogRequest.swift in Sources */,
				C370C88325856DC2002F39E4 /* SearchBar.swift in Sources */,
				C36809AB2599DD3500448750 /* HomeTitle.swift in Sources */,
				C301F18F257D051900956E85 /* CoreDataApi.swift in Sources */,
				C3596F3624A8A3C100269AD7 /* PostRequest.swift in Sources */,
				C3AD4B4D2448D260009C4F87 /* HomeView.swift in Sources */,
				C3ED860724EDB97E0023308A /* PostList.swift in Sources */,
				C32F178E24E9AC9400BE35D4 /* WebView.swift in Sources */,
				C3ED862424F1328C0023308A /* MoBlogButton.swift in Sources */,
				C370C87C25856B63002F39E4 /* SearchView.swift in Sources */,
				C3ED862924F2B2C00023308A /* UIImage.swift in Sources */,
				C3ED862024F037830023308A /* ProfileImage.swift in Sources */,
				C3ED860B24F023E20023308A /* Source.swift in Sources */,
				C353752F2568720300EFCF02 /* View.swift in Sources */,
				C36FB2F7254F0AEE006411C9 /* MoBlogView.swift in Sources */,
			);
			runOnlyForDeploymentPostprocessing = 0;
		};
/* End PBXSourcesBuildPhase section */

/* Begin PBXTargetDependency section */
		C323CBD22443043A000626C5 /* PBXTargetDependency */ = {
			isa = PBXTargetDependency;
			target = C323CBB624430437000626C5 /* MoBlog */;
			targetProxy = C323CBD12443043A000626C5 /* PBXContainerItemProxy */;
		};
		C323CBDD2443043A000626C5 /* PBXTargetDependency */ = {
			isa = PBXTargetDependency;
			target = C323CBB624430437000626C5 /* MoBlog */;
			targetProxy = C323CBDC2443043A000626C5 /* PBXContainerItemProxy */;
		};
/* End PBXTargetDependency section */

/* Begin PBXVariantGroup section */
		C323CBC82443043A000626C5 /* LaunchScreen.storyboard */ = {
			isa = PBXVariantGroup;
			children = (
				C323CBC92443043A000626C5 /* Base */,
			);
			name = LaunchScreen.storyboard;
			sourceTree = "<group>";
		};
/* End PBXVariantGroup section */

/* Begin XCBuildConfiguration section */
		C323CBE22443043A000626C5 /* Debug */ = {
			isa = XCBuildConfiguration;
			buildSettings = {
				ALWAYS_SEARCH_USER_PATHS = NO;
				CLANG_ANALYZER_NONNULL = YES;
				CLANG_ANALYZER_NUMBER_OBJECT_CONVERSION = YES_AGGRESSIVE;
				CLANG_CXX_LANGUAGE_STANDARD = "gnu++14";
				CLANG_CXX_LIBRARY = "libc++";
				CLANG_ENABLE_MODULES = YES;
				CLANG_ENABLE_OBJC_ARC = YES;
				CLANG_ENABLE_OBJC_WEAK = YES;
				CLANG_WARN_BLOCK_CAPTURE_AUTORELEASING = YES;
				CLANG_WARN_BOOL_CONVERSION = YES;
				CLANG_WARN_COMMA = YES;
				CLANG_WARN_CONSTANT_CONVERSION = YES;
				CLANG_WARN_DEPRECATED_OBJC_IMPLEMENTATIONS = YES;
				CLANG_WARN_DIRECT_OBJC_ISA_USAGE = YES_ERROR;
				CLANG_WARN_DOCUMENTATION_COMMENTS = YES;
				CLANG_WARN_EMPTY_BODY = YES;
				CLANG_WARN_ENUM_CONVERSION = YES;
				CLANG_WARN_INFINITE_RECURSION = YES;
				CLANG_WARN_INT_CONVERSION = YES;
				CLANG_WARN_NON_LITERAL_NULL_CONVERSION = YES;
				CLANG_WARN_OBJC_IMPLICIT_RETAIN_SELF = YES;
				CLANG_WARN_OBJC_LITERAL_CONVERSION = YES;
				CLANG_WARN_OBJC_ROOT_CLASS = YES_ERROR;
				CLANG_WARN_QUOTED_INCLUDE_IN_FRAMEWORK_HEADER = YES;
				CLANG_WARN_RANGE_LOOP_ANALYSIS = YES;
				CLANG_WARN_STRICT_PROTOTYPES = YES;
				CLANG_WARN_SUSPICIOUS_MOVE = YES;
				CLANG_WARN_UNGUARDED_AVAILABILITY = YES_AGGRESSIVE;
				CLANG_WARN_UNREACHABLE_CODE = YES;
				CLANG_WARN__DUPLICATE_METHOD_MATCH = YES;
				COPY_PHASE_STRIP = NO;
				DEBUG_INFORMATION_FORMAT = dwarf;
				ENABLE_STRICT_OBJC_MSGSEND = YES;
				ENABLE_TESTABILITY = YES;
				GCC_C_LANGUAGE_STANDARD = gnu11;
				GCC_DYNAMIC_NO_PIC = NO;
				GCC_NO_COMMON_BLOCKS = YES;
				GCC_OPTIMIZATION_LEVEL = 0;
				GCC_PREPROCESSOR_DEFINITIONS = (
					"DEBUG=1",
					"$(inherited)",
				);
				GCC_WARN_64_TO_32_BIT_CONVERSION = YES;
				GCC_WARN_ABOUT_RETURN_TYPE = YES_ERROR;
				GCC_WARN_UNDECLARED_SELECTOR = YES;
				GCC_WARN_UNINITIALIZED_AUTOS = YES_AGGRESSIVE;
				GCC_WARN_UNUSED_FUNCTION = YES;
				GCC_WARN_UNUSED_VARIABLE = YES;
				IPHONEOS_DEPLOYMENT_TARGET = 14.0;
				MTL_ENABLE_DEBUG_INFO = INCLUDE_SOURCE;
				MTL_FAST_MATH = YES;
				ONLY_ACTIVE_ARCH = YES;
				SDKROOT = iphoneos;
				SWIFT_ACTIVE_COMPILATION_CONDITIONS = DEBUG;
				SWIFT_OPTIMIZATION_LEVEL = "-Onone";
			};
			name = Debug;
		};
		C323CBE32443043A000626C5 /* Release */ = {
			isa = XCBuildConfiguration;
			buildSettings = {
				ALWAYS_SEARCH_USER_PATHS = NO;
				CLANG_ANALYZER_NONNULL = YES;
				CLANG_ANALYZER_NUMBER_OBJECT_CONVERSION = YES_AGGRESSIVE;
				CLANG_CXX_LANGUAGE_STANDARD = "gnu++14";
				CLANG_CXX_LIBRARY = "libc++";
				CLANG_ENABLE_MODULES = YES;
				CLANG_ENABLE_OBJC_ARC = YES;
				CLANG_ENABLE_OBJC_WEAK = YES;
				CLANG_WARN_BLOCK_CAPTURE_AUTORELEASING = YES;
				CLANG_WARN_BOOL_CONVERSION = YES;
				CLANG_WARN_COMMA = YES;
				CLANG_WARN_CONSTANT_CONVERSION = YES;
				CLANG_WARN_DEPRECATED_OBJC_IMPLEMENTATIONS = YES;
				CLANG_WARN_DIRECT_OBJC_ISA_USAGE = YES_ERROR;
				CLANG_WARN_DOCUMENTATION_COMMENTS = YES;
				CLANG_WARN_EMPTY_BODY = YES;
				CLANG_WARN_ENUM_CONVERSION = YES;
				CLANG_WARN_INFINITE_RECURSION = YES;
				CLANG_WARN_INT_CONVERSION = YES;
				CLANG_WARN_NON_LITERAL_NULL_CONVERSION = YES;
				CLANG_WARN_OBJC_IMPLICIT_RETAIN_SELF = YES;
				CLANG_WARN_OBJC_LITERAL_CONVERSION = YES;
				CLANG_WARN_OBJC_ROOT_CLASS = YES_ERROR;
				CLANG_WARN_QUOTED_INCLUDE_IN_FRAMEWORK_HEADER = YES;
				CLANG_WARN_RANGE_LOOP_ANALYSIS = YES;
				CLANG_WARN_STRICT_PROTOTYPES = YES;
				CLANG_WARN_SUSPICIOUS_MOVE = YES;
				CLANG_WARN_UNGUARDED_AVAILABILITY = YES_AGGRESSIVE;
				CLANG_WARN_UNREACHABLE_CODE = YES;
				CLANG_WARN__DUPLICATE_METHOD_MATCH = YES;
				COPY_PHASE_STRIP = NO;
				DEBUG_INFORMATION_FORMAT = "dwarf-with-dsym";
				ENABLE_NS_ASSERTIONS = NO;
				ENABLE_STRICT_OBJC_MSGSEND = YES;
				GCC_C_LANGUAGE_STANDARD = gnu11;
				GCC_NO_COMMON_BLOCKS = YES;
				GCC_WARN_64_TO_32_BIT_CONVERSION = YES;
				GCC_WARN_ABOUT_RETURN_TYPE = YES_ERROR;
				GCC_WARN_UNDECLARED_SELECTOR = YES;
				GCC_WARN_UNINITIALIZED_AUTOS = YES_AGGRESSIVE;
				GCC_WARN_UNUSED_FUNCTION = YES;
				GCC_WARN_UNUSED_VARIABLE = YES;
				IPHONEOS_DEPLOYMENT_TARGET = 14.0;
				MTL_ENABLE_DEBUG_INFO = NO;
				MTL_FAST_MATH = YES;
				SDKROOT = iphoneos;
				SWIFT_COMPILATION_MODE = wholemodule;
				SWIFT_OPTIMIZATION_LEVEL = "-O";
				VALIDATE_PRODUCT = YES;
			};
			name = Release;
		};
		C323CBE52443043A000626C5 /* Debug */ = {
			isa = XCBuildConfiguration;
			buildSettings = {
				ASSETCATALOG_COMPILER_APPICON_NAME = AppIcon;
				CODE_SIGN_ENTITLEMENTS = MoBlog/MoBlog.entitlements;
				CODE_SIGN_STYLE = Automatic;
				DEVELOPMENT_ASSET_PATHS = "\"MoBlog/Preview Content\"";
				DEVELOPMENT_TEAM = 6385942QWA;
				ENABLE_PREVIEWS = YES;
				INFOPLIST_FILE = MoBlog/Info.plist;
				IPHONEOS_DEPLOYMENT_TARGET = 14.0;
				LD_RUNPATH_SEARCH_PATHS = (
					"$(inherited)",
					"@executable_path/Frameworks",
				);
				PRODUCT_BUNDLE_IDENTIFIER = com.fpalmqvist.MoBlog;
				PRODUCT_NAME = "$(TARGET_NAME)";
				SWIFT_VERSION = 5.0;
				TARGETED_DEVICE_FAMILY = 1;
			};
			name = Debug;
		};
		C323CBE62443043A000626C5 /* Release */ = {
			isa = XCBuildConfiguration;
			buildSettings = {
				ASSETCATALOG_COMPILER_APPICON_NAME = AppIcon;
				CODE_SIGN_ENTITLEMENTS = MoBlog/MoBlog.entitlements;
				CODE_SIGN_STYLE = Automatic;
				DEVELOPMENT_ASSET_PATHS = "\"MoBlog/Preview Content\"";
				DEVELOPMENT_TEAM = 6385942QWA;
				ENABLE_PREVIEWS = YES;
				INFOPLIST_FILE = MoBlog/Info.plist;
				IPHONEOS_DEPLOYMENT_TARGET = 14.0;
				LD_RUNPATH_SEARCH_PATHS = (
					"$(inherited)",
					"@executable_path/Frameworks",
				);
				PRODUCT_BUNDLE_IDENTIFIER = com.fpalmqvist.MoBlog;
				PRODUCT_NAME = "$(TARGET_NAME)";
				SWIFT_VERSION = 5.0;
				TARGETED_DEVICE_FAMILY = 1;
			};
			name = Release;
		};
		C323CBE82443043A000626C5 /* Debug */ = {
			isa = XCBuildConfiguration;
			buildSettings = {
				ALWAYS_EMBED_SWIFT_STANDARD_LIBRARIES = YES;
				BUNDLE_LOADER = "$(TEST_HOST)";
				CODE_SIGN_STYLE = Automatic;
				DEVELOPMENT_TEAM = 6385942QWA;
				INFOPLIST_FILE = MoBlogTests/Info.plist;
				IPHONEOS_DEPLOYMENT_TARGET = 13.4;
				LD_RUNPATH_SEARCH_PATHS = (
					"$(inherited)",
					"@executable_path/Frameworks",
					"@loader_path/Frameworks",
				);
				PRODUCT_BUNDLE_IDENTIFIER = com.fpalmqvist.MoBlogTests;
				PRODUCT_NAME = "$(TARGET_NAME)";
				SWIFT_VERSION = 5.0;
				TARGETED_DEVICE_FAMILY = "1,2";
				TEST_HOST = "$(BUILT_PRODUCTS_DIR)/MoBlog.app/MoBlog";
			};
			name = Debug;
		};
		C323CBE92443043A000626C5 /* Release */ = {
			isa = XCBuildConfiguration;
			buildSettings = {
				ALWAYS_EMBED_SWIFT_STANDARD_LIBRARIES = YES;
				BUNDLE_LOADER = "$(TEST_HOST)";
				CODE_SIGN_STYLE = Automatic;
				DEVELOPMENT_TEAM = 6385942QWA;
				INFOPLIST_FILE = MoBlogTests/Info.plist;
				IPHONEOS_DEPLOYMENT_TARGET = 13.4;
				LD_RUNPATH_SEARCH_PATHS = (
					"$(inherited)",
					"@executable_path/Frameworks",
					"@loader_path/Frameworks",
				);
				PRODUCT_BUNDLE_IDENTIFIER = com.fpalmqvist.MoBlogTests;
				PRODUCT_NAME = "$(TARGET_NAME)";
				SWIFT_VERSION = 5.0;
				TARGETED_DEVICE_FAMILY = "1,2";
				TEST_HOST = "$(BUILT_PRODUCTS_DIR)/MoBlog.app/MoBlog";
			};
			name = Release;
		};
		C323CBEB2443043A000626C5 /* Debug */ = {
			isa = XCBuildConfiguration;
			buildSettings = {
				ALWAYS_EMBED_SWIFT_STANDARD_LIBRARIES = YES;
				CODE_SIGN_STYLE = Automatic;
				DEVELOPMENT_TEAM = 6385942QWA;
				INFOPLIST_FILE = MoBlogUITests/Info.plist;
				LD_RUNPATH_SEARCH_PATHS = (
					"$(inherited)",
					"@executable_path/Frameworks",
					"@loader_path/Frameworks",
				);
				PRODUCT_BUNDLE_IDENTIFIER = com.fpalmqvist.MoBlogUITests;
				PRODUCT_NAME = "$(TARGET_NAME)";
				SWIFT_VERSION = 5.0;
				TARGETED_DEVICE_FAMILY = "1,2";
				TEST_TARGET_NAME = MoBlog;
			};
			name = Debug;
		};
		C323CBEC2443043A000626C5 /* Release */ = {
			isa = XCBuildConfiguration;
			buildSettings = {
				ALWAYS_EMBED_SWIFT_STANDARD_LIBRARIES = YES;
				CODE_SIGN_STYLE = Automatic;
				DEVELOPMENT_TEAM = 6385942QWA;
				INFOPLIST_FILE = MoBlogUITests/Info.plist;
				LD_RUNPATH_SEARCH_PATHS = (
					"$(inherited)",
					"@executable_path/Frameworks",
					"@loader_path/Frameworks",
				);
				PRODUCT_BUNDLE_IDENTIFIER = com.fpalmqvist.MoBlogUITests;
				PRODUCT_NAME = "$(TARGET_NAME)";
				SWIFT_VERSION = 5.0;
				TARGETED_DEVICE_FAMILY = "1,2";
				TEST_TARGET_NAME = MoBlog;
			};
			name = Release;
		};
/* End XCBuildConfiguration section */

/* Begin XCConfigurationList section */
		C323CBB224430437000626C5 /* Build configuration list for PBXProject "MoBlog" */ = {
			isa = XCConfigurationList;
			buildConfigurations = (
				C323CBE22443043A000626C5 /* Debug */,
				C323CBE32443043A000626C5 /* Release */,
			);
			defaultConfigurationIsVisible = 0;
			defaultConfigurationName = Release;
		};
		C323CBE42443043A000626C5 /* Build configuration list for PBXNativeTarget "MoBlog" */ = {
			isa = XCConfigurationList;
			buildConfigurations = (
				C323CBE52443043A000626C5 /* Debug */,
				C323CBE62443043A000626C5 /* Release */,
			);
			defaultConfigurationIsVisible = 0;
			defaultConfigurationName = Release;
		};
		C323CBE72443043A000626C5 /* Build configuration list for PBXNativeTarget "MoBlogTests" */ = {
			isa = XCConfigurationList;
			buildConfigurations = (
				C323CBE82443043A000626C5 /* Debug */,
				C323CBE92443043A000626C5 /* Release */,
			);
			defaultConfigurationIsVisible = 0;
			defaultConfigurationName = Release;
		};
		C323CBEA2443043A000626C5 /* Build configuration list for PBXNativeTarget "MoBlogUITests" */ = {
			isa = XCConfigurationList;
			buildConfigurations = (
				C323CBEB2443043A000626C5 /* Debug */,
				C323CBEC2443043A000626C5 /* Release */,
			);
			defaultConfigurationIsVisible = 0;
			defaultConfigurationName = Release;
		};
/* End XCConfigurationList section */

/* Begin XCVersionGroup section */
		C323CBBE24430437000626C5 /* MoBlog.xcdatamodeld */ = {
			isa = XCVersionGroup;
			children = (
				C323CBBF24430437000626C5 /* MoBlog.xcdatamodel */,
			);
			currentVersion = C323CBBF24430437000626C5 /* MoBlog.xcdatamodel */;
			path = MoBlog.xcdatamodeld;
			sourceTree = "<group>";
			versionGroupType = wrapper.xcdatamodel;
		};
/* End XCVersionGroup section */
	};
	rootObject = C323CBAF24430437000626C5 /* Project object */;
}
